// !$*UTF8*$!
{
	archiveVersion = 1;
	classes = {
	};
	objectVersion = 56;
	objects = {

/* Begin PBXBuildFile section */
		A904A2F929EF629F00BA6D4C /* DrZotApp.swift in Sources */ = {isa = PBXBuildFile; fileRef = A904A2F829EF629F00BA6D4C /* DrZotApp.swift */; };
		A904A2FB29EF629F00BA6D4C /* ContentView.swift in Sources */ = {isa = PBXBuildFile; fileRef = A904A2FA29EF629F00BA6D4C /* ContentView.swift */; };
		A904A2FD29EF62A000BA6D4C /* Assets.xcassets in Resources */ = {isa = PBXBuildFile; fileRef = A904A2FC29EF62A000BA6D4C /* Assets.xcassets */; };
		A904A30029EF62A000BA6D4C /* Preview Assets.xcassets in Resources */ = {isa = PBXBuildFile; fileRef = A904A2FF29EF62A000BA6D4C /* Preview Assets.xcassets */; };
		A904A30A29EF62A000BA6D4C /* DrZotTests.swift in Sources */ = {isa = PBXBuildFile; fileRef = A904A30929EF62A000BA6D4C /* DrZotTests.swift */; };
		A904A31429EF62A000BA6D4C /* DrZotUITests.swift in Sources */ = {isa = PBXBuildFile; fileRef = A904A31329EF62A000BA6D4C /* DrZotUITests.swift */; };
		A904A31629EF62A000BA6D4C /* DrZotUITestsLaunchTests.swift in Sources */ = {isa = PBXBuildFile; fileRef = A904A31529EF62A000BA6D4C /* DrZotUITestsLaunchTests.swift */; };
		A904A32329EF64F700BA6D4C /* VarManager.swift in Sources */ = {isa = PBXBuildFile; fileRef = A904A32229EF64F600BA6D4C /* VarManager.swift */; };
		A9949B612A0F18B3007FF856 /* SwiftCSV in Frameworks */ = {isa = PBXBuildFile; productRef = A9949B602A0F18B3007FF856 /* SwiftCSV */; };
		A9949B642A0F18E9007FF856 /* SwiftUICharts in Frameworks */ = {isa = PBXBuildFile; productRef = A9949B632A0F18E9007FF856 /* SwiftUICharts */; };
		A9949B672A0F2AA4007FF856 /* DataFiles in Resources */ = {isa = PBXBuildFile; fileRef = A9949B662A0F2AA4007FF856 /* DataFiles */; };
		A9D4ADB32A0366A4005FD0DE /* bmiCSVManager.swift in Sources */ = {isa = PBXBuildFile; fileRef = A9D4ADB22A0366A4005FD0DE /* bmiCSVManager.swift */; };
/* End PBXBuildFile section */

/* Begin PBXContainerItemProxy section */
		A904A30629EF62A000BA6D4C /* PBXContainerItemProxy */ = {
			isa = PBXContainerItemProxy;
			containerPortal = A904A2ED29EF629F00BA6D4C /* Project object */;
			proxyType = 1;
			remoteGlobalIDString = A904A2F429EF629F00BA6D4C;
			remoteInfo = DrZot;
		};
		A904A31029EF62A000BA6D4C /* PBXContainerItemProxy */ = {
			isa = PBXContainerItemProxy;
			containerPortal = A904A2ED29EF629F00BA6D4C /* Project object */;
			proxyType = 1;
			remoteGlobalIDString = A904A2F429EF629F00BA6D4C;
			remoteInfo = DrZot;
		};
/* End PBXContainerItemProxy section */

/* Begin PBXFileReference section */
		A904A2F529EF629F00BA6D4C /* DrZot.app */ = {isa = PBXFileReference; explicitFileType = wrapper.application; includeInIndex = 0; path = DrZot.app; sourceTree = BUILT_PRODUCTS_DIR; };
		A904A2F829EF629F00BA6D4C /* DrZotApp.swift */ = {isa = PBXFileReference; lastKnownFileType = sourcecode.swift; path = DrZotApp.swift; sourceTree = "<group>"; };
		A904A2FA29EF629F00BA6D4C /* ContentView.swift */ = {isa = PBXFileReference; lastKnownFileType = sourcecode.swift; path = ContentView.swift; sourceTree = "<group>"; };
		A904A2FC29EF62A000BA6D4C /* Assets.xcassets */ = {isa = PBXFileReference; lastKnownFileType = folder.assetcatalog; path = Assets.xcassets; sourceTree = "<group>"; };
		A904A2FF29EF62A000BA6D4C /* Preview Assets.xcassets */ = {isa = PBXFileReference; lastKnownFileType = folder.assetcatalog; path = "Preview Assets.xcassets"; sourceTree = "<group>"; };
		A904A30529EF62A000BA6D4C /* DrZotTests.xctest */ = {isa = PBXFileReference; explicitFileType = wrapper.cfbundle; includeInIndex = 0; path = DrZotTests.xctest; sourceTree = BUILT_PRODUCTS_DIR; };
		A904A30929EF62A000BA6D4C /* DrZotTests.swift */ = {isa = PBXFileReference; lastKnownFileType = sourcecode.swift; path = DrZotTests.swift; sourceTree = "<group>"; };
		A904A30F29EF62A000BA6D4C /* DrZotUITests.xctest */ = {isa = PBXFileReference; explicitFileType = wrapper.cfbundle; includeInIndex = 0; path = DrZotUITests.xctest; sourceTree = BUILT_PRODUCTS_DIR; };
		A904A31329EF62A000BA6D4C /* DrZotUITests.swift */ = {isa = PBXFileReference; lastKnownFileType = sourcecode.swift; path = DrZotUITests.swift; sourceTree = "<group>"; };
		A904A31529EF62A000BA6D4C /* DrZotUITestsLaunchTests.swift */ = {isa = PBXFileReference; lastKnownFileType = sourcecode.swift; path = DrZotUITestsLaunchTests.swift; sourceTree = "<group>"; };
		A904A32229EF64F600BA6D4C /* VarManager.swift */ = {isa = PBXFileReference; lastKnownFileType = sourcecode.swift; path = VarManager.swift; sourceTree = "<group>"; };
		A9949B662A0F2AA4007FF856 /* DataFiles */ = {isa = PBXFileReference; lastKnownFileType = folder; path = DataFiles; sourceTree = "<group>"; };
		A9D4ADB22A0366A4005FD0DE /* bmiCSVManager.swift */ = {isa = PBXFileReference; lastKnownFileType = sourcecode.swift; path = bmiCSVManager.swift; sourceTree = "<group>"; };
/* End PBXFileReference section */

/* Begin PBXFrameworksBuildPhase section */
		A904A2F229EF629F00BA6D4C /* Frameworks */ = {
			isa = PBXFrameworksBuildPhase;
			buildActionMask = 2147483647;
			files = (
				A9949B612A0F18B3007FF856 /* SwiftCSV in Frameworks */,
				A9949B642A0F18E9007FF856 /* SwiftUICharts in Frameworks */,
			);
			runOnlyForDeploymentPostprocessing = 0;
		};
		A904A30229EF62A000BA6D4C /* Frameworks */ = {
			isa = PBXFrameworksBuildPhase;
			buildActionMask = 2147483647;
			files = (
			);
			runOnlyForDeploymentPostprocessing = 0;
		};
		A904A30C29EF62A000BA6D4C /* Frameworks */ = {
			isa = PBXFrameworksBuildPhase;
			buildActionMask = 2147483647;
			files = (
			);
			runOnlyForDeploymentPostprocessing = 0;
		};
/* End PBXFrameworksBuildPhase section */

/* Begin PBXGroup section */
		A904A2EC29EF629F00BA6D4C = {
			isa = PBXGroup;
			children = (
				A9949B662A0F2AA4007FF856 /* DataFiles */,
				A904A2F729EF629F00BA6D4C /* DrZot */,
				A904A30829EF62A000BA6D4C /* DrZotTests */,
				A904A31229EF62A000BA6D4C /* DrZotUITests */,
				A904A2F629EF629F00BA6D4C /* Products */,
			);
			sourceTree = "<group>";
		};
		A904A2F629EF629F00BA6D4C /* Products */ = {
			isa = PBXGroup;
			children = (
				A904A2F529EF629F00BA6D4C /* DrZot.app */,
				A904A30529EF62A000BA6D4C /* DrZotTests.xctest */,
				A904A30F29EF62A000BA6D4C /* DrZotUITests.xctest */,
			);
			name = Products;
			sourceTree = "<group>";
		};
		A904A2F729EF629F00BA6D4C /* DrZot */ = {
			isa = PBXGroup;
			children = (
				A904A2F829EF629F00BA6D4C /* DrZotApp.swift */,
				A9D4ADB22A0366A4005FD0DE /* bmiCSVManager.swift */,
				A904A2FA29EF629F00BA6D4C /* ContentView.swift */,
				A904A32229EF64F600BA6D4C /* VarManager.swift */,
				A904A2FC29EF62A000BA6D4C /* Assets.xcassets */,
				A904A2FE29EF62A000BA6D4C /* Preview Content */,
			);
			path = DrZot;
			sourceTree = "<group>";
		};
		A904A2FE29EF62A000BA6D4C /* Preview Content */ = {
			isa = PBXGroup;
			children = (
				A904A2FF29EF62A000BA6D4C /* Preview Assets.xcassets */,
			);
			path = "Preview Content";
			sourceTree = "<group>";
		};
		A904A30829EF62A000BA6D4C /* DrZotTests */ = {
			isa = PBXGroup;
			children = (
				A904A30929EF62A000BA6D4C /* DrZotTests.swift */,
			);
			path = DrZotTests;
			sourceTree = "<group>";
		};
		A904A31229EF62A000BA6D4C /* DrZotUITests */ = {
			isa = PBXGroup;
			children = (
				A904A31329EF62A000BA6D4C /* DrZotUITests.swift */,
				A904A31529EF62A000BA6D4C /* DrZotUITestsLaunchTests.swift */,
			);
			path = DrZotUITests;
			sourceTree = "<group>";
		};
/* End PBXGroup section */

/* Begin PBXNativeTarget section */
		A904A2F429EF629F00BA6D4C /* DrZot */ = {
			isa = PBXNativeTarget;
			buildConfigurationList = A904A31929EF62A000BA6D4C /* Build configuration list for PBXNativeTarget "DrZot" */;
			buildPhases = (
				A904A2F129EF629F00BA6D4C /* Sources */,
				A904A2F229EF629F00BA6D4C /* Frameworks */,
				A904A2F329EF629F00BA6D4C /* Resources */,
			);
			buildRules = (
			);
			dependencies = (
			);
			name = DrZot;
			packageProductDependencies = (
				A9949B602A0F18B3007FF856 /* SwiftCSV */,
				A9949B632A0F18E9007FF856 /* SwiftUICharts */,
			);
			productName = DrZot;
			productReference = A904A2F529EF629F00BA6D4C /* DrZot.app */;
			productType = "com.apple.product-type.application";
		};
		A904A30429EF62A000BA6D4C /* DrZotTests */ = {
			isa = PBXNativeTarget;
			buildConfigurationList = A904A31C29EF62A000BA6D4C /* Build configuration list for PBXNativeTarget "DrZotTests" */;
			buildPhases = (
				A904A30129EF62A000BA6D4C /* Sources */,
				A904A30229EF62A000BA6D4C /* Frameworks */,
				A904A30329EF62A000BA6D4C /* Resources */,
			);
			buildRules = (
			);
			dependencies = (
				A904A30729EF62A000BA6D4C /* PBXTargetDependency */,
			);
			name = DrZotTests;
			productName = DrZotTests;
			productReference = A904A30529EF62A000BA6D4C /* DrZotTests.xctest */;
			productType = "com.apple.product-type.bundle.unit-test";
		};
		A904A30E29EF62A000BA6D4C /* DrZotUITests */ = {
			isa = PBXNativeTarget;
			buildConfigurationList = A904A31F29EF62A000BA6D4C /* Build configuration list for PBXNativeTarget "DrZotUITests" */;
			buildPhases = (
				A904A30B29EF62A000BA6D4C /* Sources */,
				A904A30C29EF62A000BA6D4C /* Frameworks */,
				A904A30D29EF62A000BA6D4C /* Resources */,
			);
			buildRules = (
			);
			dependencies = (
				A904A31129EF62A000BA6D4C /* PBXTargetDependency */,
			);
			name = DrZotUITests;
			productName = DrZotUITests;
			productReference = A904A30F29EF62A000BA6D4C /* DrZotUITests.xctest */;
			productType = "com.apple.product-type.bundle.ui-testing";
		};
/* End PBXNativeTarget section */

/* Begin PBXProject section */
		A904A2ED29EF629F00BA6D4C /* Project object */ = {
			isa = PBXProject;
			attributes = {
				BuildIndependentTargetsInParallel = 1;
				LastSwiftUpdateCheck = 1430;
				LastUpgradeCheck = 1430;
				TargetAttributes = {
					A904A2F429EF629F00BA6D4C = {
						CreatedOnToolsVersion = 14.3;
					};
					A904A30429EF62A000BA6D4C = {
						CreatedOnToolsVersion = 14.3;
						TestTargetID = A904A2F429EF629F00BA6D4C;
					};
					A904A30E29EF62A000BA6D4C = {
						CreatedOnToolsVersion = 14.3;
						TestTargetID = A904A2F429EF629F00BA6D4C;
					};
				};
			};
			buildConfigurationList = A904A2F029EF629F00BA6D4C /* Build configuration list for PBXProject "DrZot" */;
			compatibilityVersion = "Xcode 14.0";
			developmentRegion = en;
			hasScannedForEncodings = 0;
			knownRegions = (
				en,
				Base,
			);
			mainGroup = A904A2EC29EF629F00BA6D4C;
			packageReferences = (
				A9949B5F2A0F18B3007FF856 /* XCRemoteSwiftPackageReference "SwiftCSV" */,
				A9949B622A0F18E9007FF856 /* XCRemoteSwiftPackageReference "ChartView" */,
			);
			productRefGroup = A904A2F629EF629F00BA6D4C /* Products */;
			projectDirPath = "";
			projectRoot = "";
			targets = (
				A904A2F429EF629F00BA6D4C /* DrZot */,
				A904A30429EF62A000BA6D4C /* DrZotTests */,
				A904A30E29EF62A000BA6D4C /* DrZotUITests */,
			);
		};
/* End PBXProject section */

/* Begin PBXResourcesBuildPhase section */
		A904A2F329EF629F00BA6D4C /* Resources */ = {
			isa = PBXResourcesBuildPhase;
			buildActionMask = 2147483647;
			files = (
				A904A30029EF62A000BA6D4C /* Preview Assets.xcassets in Resources */,
				A904A2FD29EF62A000BA6D4C /* Assets.xcassets in Resources */,
				A9949B672A0F2AA4007FF856 /* DataFiles in Resources */,
			);
			runOnlyForDeploymentPostprocessing = 0;
		};
		A904A30329EF62A000BA6D4C /* Resources */ = {
			isa = PBXResourcesBuildPhase;
			buildActionMask = 2147483647;
			files = (
			);
			runOnlyForDeploymentPostprocessing = 0;
		};
		A904A30D29EF62A000BA6D4C /* Resources */ = {
			isa = PBXResourcesBuildPhase;
			buildActionMask = 2147483647;
			files = (
			);
			runOnlyForDeploymentPostprocessing = 0;
		};
/* End PBXResourcesBuildPhase section */

/* Begin PBXSourcesBuildPhase section */
		A904A2F129EF629F00BA6D4C /* Sources */ = {
			isa = PBXSourcesBuildPhase;
			buildActionMask = 2147483647;
			files = (
				A904A2FB29EF629F00BA6D4C /* ContentView.swift in Sources */,
				A9D4ADB32A0366A4005FD0DE /* bmiCSVManager.swift in Sources */,
				A904A2F929EF629F00BA6D4C /* DrZotApp.swift in Sources */,
				A904A32329EF64F700BA6D4C /* VarManager.swift in Sources */,
			);
			runOnlyForDeploymentPostprocessing = 0;
		};
		A904A30129EF62A000BA6D4C /* Sources */ = {
			isa = PBXSourcesBuildPhase;
			buildActionMask = 2147483647;
			files = (
				A904A30A29EF62A000BA6D4C /* DrZotTests.swift in Sources */,
			);
			runOnlyForDeploymentPostprocessing = 0;
		};
		A904A30B29EF62A000BA6D4C /* Sources */ = {
			isa = PBXSourcesBuildPhase;
			buildActionMask = 2147483647;
			files = (
				A904A31629EF62A000BA6D4C /* DrZotUITestsLaunchTests.swift in Sources */,
				A904A31429EF62A000BA6D4C /* DrZotUITests.swift in Sources */,
			);
			runOnlyForDeploymentPostprocessing = 0;
		};
/* End PBXSourcesBuildPhase section */

/* Begin PBXTargetDependency section */
		A904A30729EF62A000BA6D4C /* PBXTargetDependency */ = {
			isa = PBXTargetDependency;
			target = A904A2F429EF629F00BA6D4C /* DrZot */;
			targetProxy = A904A30629EF62A000BA6D4C /* PBXContainerItemProxy */;
		};
		A904A31129EF62A000BA6D4C /* PBXTargetDependency */ = {
			isa = PBXTargetDependency;
			target = A904A2F429EF629F00BA6D4C /* DrZot */;
			targetProxy = A904A31029EF62A000BA6D4C /* PBXContainerItemProxy */;
		};
/* End PBXTargetDependency section */

/* Begin XCBuildConfiguration section */
		A904A31729EF62A000BA6D4C /* Debug */ = {
			isa = XCBuildConfiguration;
			buildSettings = {
				ALWAYS_SEARCH_USER_PATHS = NO;
				CLANG_ANALYZER_NONNULL = YES;
				CLANG_ANALYZER_NUMBER_OBJECT_CONVERSION = YES_AGGRESSIVE;
				CLANG_CXX_LANGUAGE_STANDARD = "gnu++20";
				CLANG_ENABLE_MODULES = YES;
				CLANG_ENABLE_OBJC_ARC = YES;
				CLANG_ENABLE_OBJC_WEAK = YES;
				CLANG_WARN_BLOCK_CAPTURE_AUTORELEASING = YES;
				CLANG_WARN_BOOL_CONVERSION = YES;
				CLANG_WARN_COMMA = YES;
				CLANG_WARN_CONSTANT_CONVERSION = YES;
				CLANG_WARN_DEPRECATED_OBJC_IMPLEMENTATIONS = YES;
				CLANG_WARN_DIRECT_OBJC_ISA_USAGE = YES_ERROR;
				CLANG_WARN_DOCUMENTATION_COMMENTS = YES;
				CLANG_WARN_EMPTY_BODY = YES;
				CLANG_WARN_ENUM_CONVERSION = YES;
				CLANG_WARN_INFINITE_RECURSION = YES;
				CLANG_WARN_INT_CONVERSION = YES;
				CLANG_WARN_NON_LITERAL_NULL_CONVERSION = YES;
				CLANG_WARN_OBJC_IMPLICIT_RETAIN_SELF = YES;
				CLANG_WARN_OBJC_LITERAL_CONVERSION = YES;
				CLANG_WARN_OBJC_ROOT_CLASS = YES_ERROR;
				CLANG_WARN_QUOTED_INCLUDE_IN_FRAMEWORK_HEADER = YES;
				CLANG_WARN_RANGE_LOOP_ANALYSIS = YES;
				CLANG_WARN_STRICT_PROTOTYPES = YES;
				CLANG_WARN_SUSPICIOUS_MOVE = YES;
				CLANG_WARN_UNGUARDED_AVAILABILITY = YES_AGGRESSIVE;
				CLANG_WARN_UNREACHABLE_CODE = YES;
				CLANG_WARN__DUPLICATE_METHOD_MATCH = YES;
				COPY_PHASE_STRIP = NO;
				DEBUG_INFORMATION_FORMAT = dwarf;
				ENABLE_STRICT_OBJC_MSGSEND = YES;
				ENABLE_TESTABILITY = YES;
				GCC_C_LANGUAGE_STANDARD = gnu11;
				GCC_DYNAMIC_NO_PIC = NO;
				GCC_NO_COMMON_BLOCKS = YES;
				GCC_OPTIMIZATION_LEVEL = 0;
				GCC_PREPROCESSOR_DEFINITIONS = (
					"DEBUG=1",
					"$(inherited)",
				);
				GCC_WARN_64_TO_32_BIT_CONVERSION = YES;
				GCC_WARN_ABOUT_RETURN_TYPE = YES_ERROR;
				GCC_WARN_UNDECLARED_SELECTOR = YES;
				GCC_WARN_UNINITIALIZED_AUTOS = YES_AGGRESSIVE;
				GCC_WARN_UNUSED_FUNCTION = YES;
				GCC_WARN_UNUSED_VARIABLE = YES;
				IPHONEOS_DEPLOYMENT_TARGET = 16.4;
				MTL_ENABLE_DEBUG_INFO = INCLUDE_SOURCE;
				MTL_FAST_MATH = YES;
				ONLY_ACTIVE_ARCH = YES;
				SDKROOT = iphoneos;
				SWIFT_ACTIVE_COMPILATION_CONDITIONS = DEBUG;
				SWIFT_OPTIMIZATION_LEVEL = "-Onone";
			};
			name = Debug;
		};
		A904A31829EF62A000BA6D4C /* Release */ = {
			isa = XCBuildConfiguration;
			buildSettings = {
				ALWAYS_SEARCH_USER_PATHS = NO;
				CLANG_ANALYZER_NONNULL = YES;
				CLANG_ANALYZER_NUMBER_OBJECT_CONVERSION = YES_AGGRESSIVE;
				CLANG_CXX_LANGUAGE_STANDARD = "gnu++20";
				CLANG_ENABLE_MODULES = YES;
				CLANG_ENABLE_OBJC_ARC = YES;
				CLANG_ENABLE_OBJC_WEAK = YES;
				CLANG_WARN_BLOCK_CAPTURE_AUTORELEASING = YES;
				CLANG_WARN_BOOL_CONVERSION = YES;
				CLANG_WARN_COMMA = YES;
				CLANG_WARN_CONSTANT_CONVERSION = YES;
				CLANG_WARN_DEPRECATED_OBJC_IMPLEMENTATIONS = YES;
				CLANG_WARN_DIRECT_OBJC_ISA_USAGE = YES_ERROR;
				CLANG_WARN_DOCUMENTATION_COMMENTS = YES;
				CLANG_WARN_EMPTY_BODY = YES;
				CLANG_WARN_ENUM_CONVERSION = YES;
				CLANG_WARN_INFINITE_RECURSION = YES;
				CLANG_WARN_INT_CONVERSION = YES;
				CLANG_WARN_NON_LITERAL_NULL_CONVERSION = YES;
				CLANG_WARN_OBJC_IMPLICIT_RETAIN_SELF = YES;
				CLANG_WARN_OBJC_LITERAL_CONVERSION = YES;
				CLANG_WARN_OBJC_ROOT_CLASS = YES_ERROR;
				CLANG_WARN_QUOTED_INCLUDE_IN_FRAMEWORK_HEADER = YES;
				CLANG_WARN_RANGE_LOOP_ANALYSIS = YES;
				CLANG_WARN_STRICT_PROTOTYPES = YES;
				CLANG_WARN_SUSPICIOUS_MOVE = YES;
				CLANG_WARN_UNGUARDED_AVAILABILITY = YES_AGGRESSIVE;
				CLANG_WARN_UNREACHABLE_CODE = YES;
				CLANG_WARN__DUPLICATE_METHOD_MATCH = YES;
				COPY_PHASE_STRIP = NO;
				DEBUG_INFORMATION_FORMAT = "dwarf-with-dsym";
				ENABLE_NS_ASSERTIONS = NO;
				ENABLE_STRICT_OBJC_MSGSEND = YES;
				GCC_C_LANGUAGE_STANDARD = gnu11;
				GCC_NO_COMMON_BLOCKS = YES;
				GCC_WARN_64_TO_32_BIT_CONVERSION = YES;
				GCC_WARN_ABOUT_RETURN_TYPE = YES_ERROR;
				GCC_WARN_UNDECLARED_SELECTOR = YES;
				GCC_WARN_UNINITIALIZED_AUTOS = YES_AGGRESSIVE;
				GCC_WARN_UNUSED_FUNCTION = YES;
				GCC_WARN_UNUSED_VARIABLE = YES;
				IPHONEOS_DEPLOYMENT_TARGET = 16.4;
				MTL_ENABLE_DEBUG_INFO = NO;
				MTL_FAST_MATH = YES;
				SDKROOT = iphoneos;
				SWIFT_COMPILATION_MODE = wholemodule;
				SWIFT_OPTIMIZATION_LEVEL = "-O";
				VALIDATE_PRODUCT = YES;
			};
			name = Release;
		};
		A904A31A29EF62A000BA6D4C /* Debug */ = {
			isa = XCBuildConfiguration;
			buildSettings = {
				ASSETCATALOG_COMPILER_APPICON_NAME = AppIcon;
				ASSETCATALOG_COMPILER_GLOBAL_ACCENT_COLOR_NAME = AccentColor;
				CODE_SIGN_STYLE = Automatic;
				CURRENT_PROJECT_VERSION = 1;
				DEVELOPMENT_ASSET_PATHS = "\"DrZot/Preview Content\"";
				ENABLE_PREVIEWS = YES;
				GENERATE_INFOPLIST_FILE = YES;
				INFOPLIST_KEY_UIApplicationSceneManifest_Generation = YES;
				INFOPLIST_KEY_UIApplicationSupportsIndirectInputEvents = YES;
				INFOPLIST_KEY_UILaunchScreen_Generation = YES;
				INFOPLIST_KEY_UISupportedInterfaceOrientations_iPad = "UIInterfaceOrientationPortrait UIInterfaceOrientationPortraitUpsideDown UIInterfaceOrientationLandscapeLeft UIInterfaceOrientationLandscapeRight";
				INFOPLIST_KEY_UISupportedInterfaceOrientations_iPhone = "UIInterfaceOrientationPortrait UIInterfaceOrientationLandscapeLeft UIInterfaceOrientationLandscapeRight";
				LD_RUNPATH_SEARCH_PATHS = (
					"$(inherited)",
					"@executable_path/Frameworks",
				);
				MARKETING_VERSION = 1.0;
				PRODUCT_BUNDLE_IDENTIFIER = "CS180A--UCI-OIT.DrZot";
				PRODUCT_NAME = "$(TARGET_NAME)";
				SWIFT_EMIT_LOC_STRINGS = YES;
				SWIFT_VERSION = 5.0;
				TARGETED_DEVICE_FAMILY = "1,2";
			};
			name = Debug;
		};
		A904A31B29EF62A000BA6D4C /* Release */ = {
			isa = XCBuildConfiguration;
			buildSettings = {
				ASSETCATALOG_COMPILER_APPICON_NAME = AppIcon;
				ASSETCATALOG_COMPILER_GLOBAL_ACCENT_COLOR_NAME = AccentColor;
				CODE_SIGN_STYLE = Automatic;
				CURRENT_PROJECT_VERSION = 1;
				DEVELOPMENT_ASSET_PATHS = "\"DrZot/Preview Content\"";
				ENABLE_PREVIEWS = YES;
				GENERATE_INFOPLIST_FILE = YES;
				INFOPLIST_KEY_UIApplicationSceneManifest_Generation = YES;
				INFOPLIST_KEY_UIApplicationSupportsIndirectInputEvents = YES;
				INFOPLIST_KEY_UILaunchScreen_Generation = YES;
				INFOPLIST_KEY_UISupportedInterfaceOrientations_iPad = "UIInterfaceOrientationPortrait UIInterfaceOrientationPortraitUpsideDown UIInterfaceOrientationLandscapeLeft UIInterfaceOrientationLandscapeRight";
				INFOPLIST_KEY_UISupportedInterfaceOrientations_iPhone = "UIInterfaceOrientationPortrait UIInterfaceOrientationLandscapeLeft UIInterfaceOrientationLandscapeRight";
				LD_RUNPATH_SEARCH_PATHS = (
					"$(inherited)",
					"@executable_path/Frameworks",
				);
				MARKETING_VERSION = 1.0;
				PRODUCT_BUNDLE_IDENTIFIER = "CS180A--UCI-OIT.DrZot";
				PRODUCT_NAME = "$(TARGET_NAME)";
				SWIFT_EMIT_LOC_STRINGS = YES;
				SWIFT_VERSION = 5.0;
				TARGETED_DEVICE_FAMILY = "1,2";
			};
			name = Release;
		};
		A904A31D29EF62A000BA6D4C /* Debug */ = {
			isa = XCBuildConfiguration;
			buildSettings = {
				ALWAYS_EMBED_SWIFT_STANDARD_LIBRARIES = YES;
				BUNDLE_LOADER = "$(TEST_HOST)";
				CODE_SIGN_STYLE = Automatic;
				CURRENT_PROJECT_VERSION = 1;
				GENERATE_INFOPLIST_FILE = YES;
				IPHONEOS_DEPLOYMENT_TARGET = 16.4;
				MARKETING_VERSION = 1.0;
				PRODUCT_BUNDLE_IDENTIFIER = "CS180A--UCI-OIT.DrZotTests";
				PRODUCT_NAME = "$(TARGET_NAME)";
				SWIFT_EMIT_LOC_STRINGS = NO;
				SWIFT_VERSION = 5.0;
				TARGETED_DEVICE_FAMILY = "1,2";
				TEST_HOST = "$(BUILT_PRODUCTS_DIR)/DrZot.app/$(BUNDLE_EXECUTABLE_FOLDER_PATH)/DrZot";
			};
			name = Debug;
		};
		A904A31E29EF62A000BA6D4C /* Release */ = {
			isa = XCBuildConfiguration;
			buildSettings = {
				ALWAYS_EMBED_SWIFT_STANDARD_LIBRARIES = YES;
				BUNDLE_LOADER = "$(TEST_HOST)";
				CODE_SIGN_STYLE = Automatic;
				CURRENT_PROJECT_VERSION = 1;
				GENERATE_INFOPLIST_FILE = YES;
				IPHONEOS_DEPLOYMENT_TARGET = 16.4;
				MARKETING_VERSION = 1.0;
				PRODUCT_BUNDLE_IDENTIFIER = "CS180A--UCI-OIT.DrZotTests";
				PRODUCT_NAME = "$(TARGET_NAME)";
				SWIFT_EMIT_LOC_STRINGS = NO;
				SWIFT_VERSION = 5.0;
				TARGETED_DEVICE_FAMILY = "1,2";
				TEST_HOST = "$(BUILT_PRODUCTS_DIR)/DrZot.app/$(BUNDLE_EXECUTABLE_FOLDER_PATH)/DrZot";
			};
			name = Release;
		};
		A904A32029EF62A000BA6D4C /* Debug */ = {
			isa = XCBuildConfiguration;
			buildSettings = {
				ALWAYS_EMBED_SWIFT_STANDARD_LIBRARIES = YES;
				CODE_SIGN_STYLE = Automatic;
				CURRENT_PROJECT_VERSION = 1;
				GENERATE_INFOPLIST_FILE = YES;
				MARKETING_VERSION = 1.0;
				PRODUCT_BUNDLE_IDENTIFIER = "CS180A--UCI-OIT.DrZotUITests";
				PRODUCT_NAME = "$(TARGET_NAME)";
				SWIFT_EMIT_LOC_STRINGS = NO;
				SWIFT_VERSION = 5.0;
				TARGETED_DEVICE_FAMILY = "1,2";
				TEST_TARGET_NAME = DrZot;
			};
			name = Debug;
		};
		A904A32129EF62A000BA6D4C /* Release */ = {
			isa = XCBuildConfiguration;
			buildSettings = {
				ALWAYS_EMBED_SWIFT_STANDARD_LIBRARIES = YES;
				CODE_SIGN_STYLE = Automatic;
				CURRENT_PROJECT_VERSION = 1;
				GENERATE_INFOPLIST_FILE = YES;
				MARKETING_VERSION = 1.0;
				PRODUCT_BUNDLE_IDENTIFIER = "CS180A--UCI-OIT.DrZotUITests";
				PRODUCT_NAME = "$(TARGET_NAME)";
				SWIFT_EMIT_LOC_STRINGS = NO;
				SWIFT_VERSION = 5.0;
				TARGETED_DEVICE_FAMILY = "1,2";
				TEST_TARGET_NAME = DrZot;
			};
			name = Release;
		};
/* End XCBuildConfiguration section */

/* Begin XCConfigurationList section */
		A904A2F029EF629F00BA6D4C /* Build configuration list for PBXProject "DrZot" */ = {
			isa = XCConfigurationList;
			buildConfigurations = (
				A904A31729EF62A000BA6D4C /* Debug */,
				A904A31829EF62A000BA6D4C /* Release */,
			);
			defaultConfigurationIsVisible = 0;
			defaultConfigurationName = Release;
		};
		A904A31929EF62A000BA6D4C /* Build configuration list for PBXNativeTarget "DrZot" */ = {
			isa = XCConfigurationList;
			buildConfigurations = (
				A904A31A29EF62A000BA6D4C /* Debug */,
				A904A31B29EF62A000BA6D4C /* Release */,
			);
			defaultConfigurationIsVisible = 0;
			defaultConfigurationName = Release;
		};
		A904A31C29EF62A000BA6D4C /* Build configuration list for PBXNativeTarget "DrZotTests" */ = {
			isa = XCConfigurationList;
			buildConfigurations = (
				A904A31D29EF62A000BA6D4C /* Debug */,
				A904A31E29EF62A000BA6D4C /* Release */,
			);
			defaultConfigurationIsVisible = 0;
			defaultConfigurationName = Release;
		};
		A904A31F29EF62A000BA6D4C /* Build configuration list for PBXNativeTarget "DrZotUITests" */ = {
			isa = XCConfigurationList;
			buildConfigurations = (
				A904A32029EF62A000BA6D4C /* Debug */,
				A904A32129EF62A000BA6D4C /* Release */,
			);
			defaultConfigurationIsVisible = 0;
			defaultConfigurationName = Release;
		};
/* End XCConfigurationList section */

/* Begin XCRemoteSwiftPackageReference section */
		A9949B5F2A0F18B3007FF856 /* XCRemoteSwiftPackageReference "SwiftCSV" */ = {
			isa = XCRemoteSwiftPackageReference;
			repositoryURL = "https://github.com/swiftcsv/SwiftCSV";
			requirement = {
				kind = upToNextMajorVersion;
				minimumVersion = 0.8.1;
			};
		};
		A9949B622A0F18E9007FF856 /* XCRemoteSwiftPackageReference "ChartView" */ = {
			isa = XCRemoteSwiftPackageReference;
			repositoryURL = "https://github.com/AppPear/ChartView";
			requirement = {
				kind = upToNextMajorVersion;
				minimumVersion = 1.0.0;
			};
		};
/* End XCRemoteSwiftPackageReference section */

/* Begin XCSwiftPackageProductDependency section */
		A9949B602A0F18B3007FF856 /* SwiftCSV */ = {
			isa = XCSwiftPackageProductDependency;
			package = A9949B5F2A0F18B3007FF856 /* XCRemoteSwiftPackageReference "SwiftCSV" */;
			productName = SwiftCSV;
		};
		A9949B632A0F18E9007FF856 /* SwiftUICharts */ = {
			isa = XCSwiftPackageProductDependency;
			package = A9949B622A0F18E9007FF856 /* XCRemoteSwiftPackageReference "ChartView" */;
			productName = SwiftUICharts;
		};
/* End XCSwiftPackageProductDependency section */
	};
	rootObject = A904A2ED29EF629F00BA6D4C /* Project object */;
}
