// !$*UTF8*$!
{
	archiveVersion = 1;
	classes = {
	};
	objectVersion = 56;
	objects = {

/* Begin PBXBuildFile section */
		A983500529B6A7140077ADD9 /* AppDelegate.swift in Sources */ = {isa = PBXBuildFile; fileRef = A983500429B6A7140077ADD9 /* AppDelegate.swift */; };
		A983500729B6A7140077ADD9 /* SceneDelegate.swift in Sources */ = {isa = PBXBuildFile; fileRef = A983500629B6A7140077ADD9 /* SceneDelegate.swift */; };
		A983500929B6A7140077ADD9 /* ViewController.swift in Sources */ = {isa = PBXBuildFile; fileRef = A983500829B6A7140077ADD9 /* ViewController.swift */; };
		A983500C29B6A7140077ADD9 /* Main.storyboard in Resources */ = {isa = PBXBuildFile; fileRef = A983500A29B6A7140077ADD9 /* Main.storyboard */; };
		A983500E29B6A7150077ADD9 /* Assets.xcassets in Resources */ = {isa = PBXBuildFile; fileRef = A983500D29B6A7150077ADD9 /* Assets.xcassets */; };
		A983501129B6A7150077ADD9 /* LaunchScreen.storyboard in Resources */ = {isa = PBXBuildFile; fileRef = A983500F29B6A7150077ADD9 /* LaunchScreen.storyboard */; };
		A983501C29B6A7160077ADD9 /* DrZotTests.swift in Sources */ = {isa = PBXBuildFile; fileRef = A983501B29B6A7160077ADD9 /* DrZotTests.swift */; };
		A983502629B6A7160077ADD9 /* DrZotUITests.swift in Sources */ = {isa = PBXBuildFile; fileRef = A983502529B6A7160077ADD9 /* DrZotUITests.swift */; };
		A983502829B6A7160077ADD9 /* DrZotUITestsLaunchTests.swift in Sources */ = {isa = PBXBuildFile; fileRef = A983502729B6A7160077ADD9 /* DrZotUITestsLaunchTests.swift */; };
/* End PBXBuildFile section */

/* Begin PBXContainerItemProxy section */
		A983501829B6A7160077ADD9 /* PBXContainerItemProxy */ = {
			isa = PBXContainerItemProxy;
			containerPortal = A9834FF929B6A7140077ADD9 /* Project object */;
			proxyType = 1;
			remoteGlobalIDString = A983500029B6A7140077ADD9;
			remoteInfo = DrZot;
		};
		A983502229B6A7160077ADD9 /* PBXContainerItemProxy */ = {
			isa = PBXContainerItemProxy;
			containerPortal = A9834FF929B6A7140077ADD9 /* Project object */;
			proxyType = 1;
			remoteGlobalIDString = A983500029B6A7140077ADD9;
			remoteInfo = DrZot;
		};
/* End PBXContainerItemProxy section */

/* Begin PBXFileReference section */
		A983500129B6A7140077ADD9 /* DrZot.app */ = {isa = PBXFileReference; explicitFileType = wrapper.application; includeInIndex = 0; path = DrZot.app; sourceTree = BUILT_PRODUCTS_DIR; };
		A983500429B6A7140077ADD9 /* AppDelegate.swift */ = {isa = PBXFileReference; lastKnownFileType = sourcecode.swift; path = AppDelegate.swift; sourceTree = "<group>"; };
		A983500629B6A7140077ADD9 /* SceneDelegate.swift */ = {isa = PBXFileReference; lastKnownFileType = sourcecode.swift; path = SceneDelegate.swift; sourceTree = "<group>"; };
		A983500829B6A7140077ADD9 /* ViewController.swift */ = {isa = PBXFileReference; lastKnownFileType = sourcecode.swift; path = ViewController.swift; sourceTree = "<group>"; };
		A983500B29B6A7140077ADD9 /* Base */ = {isa = PBXFileReference; lastKnownFileType = file.storyboard; name = Base; path = Base.lproj/Main.storyboard; sourceTree = "<group>"; };
		A983500D29B6A7150077ADD9 /* Assets.xcassets */ = {isa = PBXFileReference; lastKnownFileType = folder.assetcatalog; path = Assets.xcassets; sourceTree = "<group>"; };
		A983501029B6A7150077ADD9 /* Base */ = {isa = PBXFileReference; lastKnownFileType = file.storyboard; name = Base; path = Base.lproj/LaunchScreen.storyboard; sourceTree = "<group>"; };
		A983501229B6A7150077ADD9 /* Info.plist */ = {isa = PBXFileReference; lastKnownFileType = text.plist.xml; path = Info.plist; sourceTree = "<group>"; };
		A983501729B6A7160077ADD9 /* DrZotTests.xctest */ = {isa = PBXFileReference; explicitFileType = wrapper.cfbundle; includeInIndex = 0; path = DrZotTests.xctest; sourceTree = BUILT_PRODUCTS_DIR; };
		A983501B29B6A7160077ADD9 /* DrZotTests.swift */ = {isa = PBXFileReference; lastKnownFileType = sourcecode.swift; path = DrZotTests.swift; sourceTree = "<group>"; };
		A983502129B6A7160077ADD9 /* DrZotUITests.xctest */ = {isa = PBXFileReference; explicitFileType = wrapper.cfbundle; includeInIndex = 0; path = DrZotUITests.xctest; sourceTree = BUILT_PRODUCTS_DIR; };
		A983502529B6A7160077ADD9 /* DrZotUITests.swift */ = {isa = PBXFileReference; lastKnownFileType = sourcecode.swift; path = DrZotUITests.swift; sourceTree = "<group>"; };
		A983502729B6A7160077ADD9 /* DrZotUITestsLaunchTests.swift */ = {isa = PBXFileReference; lastKnownFileType = sourcecode.swift; path = DrZotUITestsLaunchTests.swift; sourceTree = "<group>"; };
/* End PBXFileReference section */

/* Begin PBXFrameworksBuildPhase section */
		A9834FFE29B6A7140077ADD9 /* Frameworks */ = {
			isa = PBXFrameworksBuildPhase;
			buildActionMask = 2147483647;
			files = (
			);
			runOnlyForDeploymentPostprocessing = 0;
		};
		A983501429B6A7160077ADD9 /* Frameworks */ = {
			isa = PBXFrameworksBuildPhase;
			buildActionMask = 2147483647;
			files = (
			);
			runOnlyForDeploymentPostprocessing = 0;
		};
		A983501E29B6A7160077ADD9 /* Frameworks */ = {
			isa = PBXFrameworksBuildPhase;
			buildActionMask = 2147483647;
			files = (
			);
			runOnlyForDeploymentPostprocessing = 0;
		};
/* End PBXFrameworksBuildPhase section */

/* Begin PBXGroup section */
		A9834FF829B6A7140077ADD9 = {
			isa = PBXGroup;
			children = (
				A983500329B6A7140077ADD9 /* DrZot */,
				A983501A29B6A7160077ADD9 /* DrZotTests */,
				A983502429B6A7160077ADD9 /* DrZotUITests */,
				A983500229B6A7140077ADD9 /* Products */,
			);
			sourceTree = "<group>";
		};
		A983500229B6A7140077ADD9 /* Products */ = {
			isa = PBXGroup;
			children = (
				A983500129B6A7140077ADD9 /* DrZot.app */,
				A983501729B6A7160077ADD9 /* DrZotTests.xctest */,
				A983502129B6A7160077ADD9 /* DrZotUITests.xctest */,
			);
			name = Products;
			sourceTree = "<group>";
		};
		A983500329B6A7140077ADD9 /* DrZot */ = {
			isa = PBXGroup;
			children = (
				A983500429B6A7140077ADD9 /* AppDelegate.swift */,
				A983500629B6A7140077ADD9 /* SceneDelegate.swift */,
				A983500829B6A7140077ADD9 /* ViewController.swift */,
				A983500A29B6A7140077ADD9 /* Main.storyboard */,
				A983500D29B6A7150077ADD9 /* Assets.xcassets */,
				A983500F29B6A7150077ADD9 /* LaunchScreen.storyboard */,
				A983501229B6A7150077ADD9 /* Info.plist */,
			);
			path = DrZot;
			sourceTree = "<group>";
		};
		A983501A29B6A7160077ADD9 /* DrZotTests */ = {
			isa = PBXGroup;
			children = (
				A983501B29B6A7160077ADD9 /* DrZotTests.swift */,
			);
			path = DrZotTests;
			sourceTree = "<group>";
		};
		A983502429B6A7160077ADD9 /* DrZotUITests */ = {
			isa = PBXGroup;
			children = (
				A983502529B6A7160077ADD9 /* DrZotUITests.swift */,
				A983502729B6A7160077ADD9 /* DrZotUITestsLaunchTests.swift */,
			);
			path = DrZotUITests;
			sourceTree = "<group>";
		};
/* End PBXGroup section */

/* Begin PBXNativeTarget section */
		A983500029B6A7140077ADD9 /* DrZot */ = {
			isa = PBXNativeTarget;
			buildConfigurationList = A983502B29B6A7160077ADD9 /* Build configuration list for PBXNativeTarget "DrZot" */;
			buildPhases = (
				A9834FFD29B6A7140077ADD9 /* Sources */,
				A9834FFE29B6A7140077ADD9 /* Frameworks */,
				A9834FFF29B6A7140077ADD9 /* Resources */,
			);
			buildRules = (
			);
			dependencies = (
			);
			name = DrZot;
			productName = DrZot;
			productReference = A983500129B6A7140077ADD9 /* DrZot.app */;
			productType = "com.apple.product-type.application";
		};
		A983501629B6A7160077ADD9 /* DrZotTests */ = {
			isa = PBXNativeTarget;
			buildConfigurationList = A983502E29B6A7160077ADD9 /* Build configuration list for PBXNativeTarget "DrZotTests" */;
			buildPhases = (
				A983501329B6A7160077ADD9 /* Sources */,
				A983501429B6A7160077ADD9 /* Frameworks */,
				A983501529B6A7160077ADD9 /* Resources */,
			);
			buildRules = (
			);
			dependencies = (
				A983501929B6A7160077ADD9 /* PBXTargetDependency */,
			);
			name = DrZotTests;
			productName = DrZotTests;
			productReference = A983501729B6A7160077ADD9 /* DrZotTests.xctest */;
			productType = "com.apple.product-type.bundle.unit-test";
		};
		A983502029B6A7160077ADD9 /* DrZotUITests */ = {
			isa = PBXNativeTarget;
			buildConfigurationList = A983503129B6A7160077ADD9 /* Build configuration list for PBXNativeTarget "DrZotUITests" */;
			buildPhases = (
				A983501D29B6A7160077ADD9 /* Sources */,
				A983501E29B6A7160077ADD9 /* Frameworks */,
				A983501F29B6A7160077ADD9 /* Resources */,
			);
			buildRules = (
			);
			dependencies = (
				A983502329B6A7160077ADD9 /* PBXTargetDependency */,
			);
			name = DrZotUITests;
			productName = DrZotUITests;
			productReference = A983502129B6A7160077ADD9 /* DrZotUITests.xctest */;
			productType = "com.apple.product-type.bundle.ui-testing";
		};
/* End PBXNativeTarget section */

/* Begin PBXProject section */
		A9834FF929B6A7140077ADD9 /* Project object */ = {
			isa = PBXProject;
			attributes = {
				BuildIndependentTargetsInParallel = 1;
				LastSwiftUpdateCheck = 1420;
				LastUpgradeCheck = 1420;
				TargetAttributes = {
					A983500029B6A7140077ADD9 = {
						CreatedOnToolsVersion = 14.2;
					};
					A983501629B6A7160077ADD9 = {
						CreatedOnToolsVersion = 14.2;
						TestTargetID = A983500029B6A7140077ADD9;
					};
					A983502029B6A7160077ADD9 = {
						CreatedOnToolsVersion = 14.2;
						TestTargetID = A983500029B6A7140077ADD9;
					};
				};
			};
			buildConfigurationList = A9834FFC29B6A7140077ADD9 /* Build configuration list for PBXProject "DrZot" */;
			compatibilityVersion = "Xcode 14.0";
			developmentRegion = en;
			hasScannedForEncodings = 0;
			knownRegions = (
				en,
				Base,
			);
			mainGroup = A9834FF829B6A7140077ADD9;
			productRefGroup = A983500229B6A7140077ADD9 /* Products */;
			projectDirPath = "";
			projectRoot = "";
			targets = (
				A983500029B6A7140077ADD9 /* DrZot */,
				A983501629B6A7160077ADD9 /* DrZotTests */,
				A983502029B6A7160077ADD9 /* DrZotUITests */,
			);
		};
/* End PBXProject section */

/* Begin PBXResourcesBuildPhase section */
		A9834FFF29B6A7140077ADD9 /* Resources */ = {
			isa = PBXResourcesBuildPhase;
			buildActionMask = 2147483647;
			files = (
				A983501129B6A7150077ADD9 /* LaunchScreen.storyboard in Resources */,
				A983500E29B6A7150077ADD9 /* Assets.xcassets in Resources */,
				A983500C29B6A7140077ADD9 /* Main.storyboard in Resources */,
			);
			runOnlyForDeploymentPostprocessing = 0;
		};
		A983501529B6A7160077ADD9 /* Resources */ = {
			isa = PBXResourcesBuildPhase;
			buildActionMask = 2147483647;
			files = (
			);
			runOnlyForDeploymentPostprocessing = 0;
		};
		A983501F29B6A7160077ADD9 /* Resources */ = {
			isa = PBXResourcesBuildPhase;
			buildActionMask = 2147483647;
			files = (
			);
			runOnlyForDeploymentPostprocessing = 0;
		};
/* End PBXResourcesBuildPhase section */

/* Begin PBXSourcesBuildPhase section */
		A9834FFD29B6A7140077ADD9 /* Sources */ = {
			isa = PBXSourcesBuildPhase;
			buildActionMask = 2147483647;
			files = (
				A983500929B6A7140077ADD9 /* ViewController.swift in Sources */,
				A983500529B6A7140077ADD9 /* AppDelegate.swift in Sources */,
				A983500729B6A7140077ADD9 /* SceneDelegate.swift in Sources */,
			);
			runOnlyForDeploymentPostprocessing = 0;
		};
		A983501329B6A7160077ADD9 /* Sources */ = {
			isa = PBXSourcesBuildPhase;
			buildActionMask = 2147483647;
			files = (
				A983501C29B6A7160077ADD9 /* DrZotTests.swift in Sources */,
			);
			runOnlyForDeploymentPostprocessing = 0;
		};
		A983501D29B6A7160077ADD9 /* Sources */ = {
			isa = PBXSourcesBuildPhase;
			buildActionMask = 2147483647;
			files = (
				A983502829B6A7160077ADD9 /* DrZotUITestsLaunchTests.swift in Sources */,
				A983502629B6A7160077ADD9 /* DrZotUITests.swift in Sources */,
			);
			runOnlyForDeploymentPostprocessing = 0;
		};
/* End PBXSourcesBuildPhase section */

/* Begin PBXTargetDependency section */
		A983501929B6A7160077ADD9 /* PBXTargetDependency */ = {
			isa = PBXTargetDependency;
			target = A983500029B6A7140077ADD9 /* DrZot */;
			targetProxy = A983501829B6A7160077ADD9 /* PBXContainerItemProxy */;
		};
		A983502329B6A7160077ADD9 /* PBXTargetDependency */ = {
			isa = PBXTargetDependency;
			target = A983500029B6A7140077ADD9 /* DrZot */;
			targetProxy = A983502229B6A7160077ADD9 /* PBXContainerItemProxy */;
		};
/* End PBXTargetDependency section */

/* Begin PBXVariantGroup section */
		A983500A29B6A7140077ADD9 /* Main.storyboard */ = {
			isa = PBXVariantGroup;
			children = (
				A983500B29B6A7140077ADD9 /* Base */,
			);
			name = Main.storyboard;
			sourceTree = "<group>";
		};
		A983500F29B6A7150077ADD9 /* LaunchScreen.storyboard */ = {
			isa = PBXVariantGroup;
			children = (
				A983501029B6A7150077ADD9 /* Base */,
			);
			name = LaunchScreen.storyboard;
			sourceTree = "<group>";
		};
/* End PBXVariantGroup section */

/* Begin XCBuildConfiguration section */
		A983502929B6A7160077ADD9 /* Debug */ = {
			isa = XCBuildConfiguration;
			buildSettings = {
				ALWAYS_SEARCH_USER_PATHS = NO;
				CLANG_ANALYZER_NONNULL = YES;
				CLANG_ANALYZER_NUMBER_OBJECT_CONVERSION = YES_AGGRESSIVE;
				CLANG_CXX_LANGUAGE_STANDARD = "gnu++20";
				CLANG_ENABLE_MODULES = YES;
				CLANG_ENABLE_OBJC_ARC = YES;
				CLANG_ENABLE_OBJC_WEAK = YES;
				CLANG_WARN_BLOCK_CAPTURE_AUTORELEASING = YES;
				CLANG_WARN_BOOL_CONVERSION = YES;
				CLANG_WARN_COMMA = YES;
				CLANG_WARN_CONSTANT_CONVERSION = YES;
				CLANG_WARN_DEPRECATED_OBJC_IMPLEMENTATIONS = YES;
				CLANG_WARN_DIRECT_OBJC_ISA_USAGE = YES_ERROR;
				CLANG_WARN_DOCUMENTATION_COMMENTS = YES;
				CLANG_WARN_EMPTY_BODY = YES;
				CLANG_WARN_ENUM_CONVERSION = YES;
				CLANG_WARN_INFINITE_RECURSION = YES;
				CLANG_WARN_INT_CONVERSION = YES;
				CLANG_WARN_NON_LITERAL_NULL_CONVERSION = YES;
				CLANG_WARN_OBJC_IMPLICIT_RETAIN_SELF = YES;
				CLANG_WARN_OBJC_LITERAL_CONVERSION = YES;
				CLANG_WARN_OBJC_ROOT_CLASS = YES_ERROR;
				CLANG_WARN_QUOTED_INCLUDE_IN_FRAMEWORK_HEADER = YES;
				CLANG_WARN_RANGE_LOOP_ANALYSIS = YES;
				CLANG_WARN_STRICT_PROTOTYPES = YES;
				CLANG_WARN_SUSPICIOUS_MOVE = YES;
				CLANG_WARN_UNGUARDED_AVAILABILITY = YES_AGGRESSIVE;
				CLANG_WARN_UNREACHABLE_CODE = YES;
				CLANG_WARN__DUPLICATE_METHOD_MATCH = YES;
				COPY_PHASE_STRIP = NO;
				DEBUG_INFORMATION_FORMAT = dwarf;
				ENABLE_STRICT_OBJC_MSGSEND = YES;
				ENABLE_TESTABILITY = YES;
				GCC_C_LANGUAGE_STANDARD = gnu11;
				GCC_DYNAMIC_NO_PIC = NO;
				GCC_NO_COMMON_BLOCKS = YES;
				GCC_OPTIMIZATION_LEVEL = 0;
				GCC_PREPROCESSOR_DEFINITIONS = (
					"DEBUG=1",
					"$(inherited)",
				);
				GCC_WARN_64_TO_32_BIT_CONVERSION = YES;
				GCC_WARN_ABOUT_RETURN_TYPE = YES_ERROR;
				GCC_WARN_UNDECLARED_SELECTOR = YES;
				GCC_WARN_UNINITIALIZED_AUTOS = YES_AGGRESSIVE;
				GCC_WARN_UNUSED_FUNCTION = YES;
				GCC_WARN_UNUSED_VARIABLE = YES;
				IPHONEOS_DEPLOYMENT_TARGET = 16.2;
				MTL_ENABLE_DEBUG_INFO = INCLUDE_SOURCE;
				MTL_FAST_MATH = YES;
				ONLY_ACTIVE_ARCH = YES;
				SDKROOT = iphoneos;
				SWIFT_ACTIVE_COMPILATION_CONDITIONS = DEBUG;
				SWIFT_OPTIMIZATION_LEVEL = "-Onone";
			};
			name = Debug;
		};
		A983502A29B6A7160077ADD9 /* Release */ = {
			isa = XCBuildConfiguration;
			buildSettings = {
				ALWAYS_SEARCH_USER_PATHS = NO;
				CLANG_ANALYZER_NONNULL = YES;
				CLANG_ANALYZER_NUMBER_OBJECT_CONVERSION = YES_AGGRESSIVE;
				CLANG_CXX_LANGUAGE_STANDARD = "gnu++20";
				CLANG_ENABLE_MODULES = YES;
				CLANG_ENABLE_OBJC_ARC = YES;
				CLANG_ENABLE_OBJC_WEAK = YES;
				CLANG_WARN_BLOCK_CAPTURE_AUTORELEASING = YES;
				CLANG_WARN_BOOL_CONVERSION = YES;
				CLANG_WARN_COMMA = YES;
				CLANG_WARN_CONSTANT_CONVERSION = YES;
				CLANG_WARN_DEPRECATED_OBJC_IMPLEMENTATIONS = YES;
				CLANG_WARN_DIRECT_OBJC_ISA_USAGE = YES_ERROR;
				CLANG_WARN_DOCUMENTATION_COMMENTS = YES;
				CLANG_WARN_EMPTY_BODY = YES;
				CLANG_WARN_ENUM_CONVERSION = YES;
				CLANG_WARN_INFINITE_RECURSION = YES;
				CLANG_WARN_INT_CONVERSION = YES;
				CLANG_WARN_NON_LITERAL_NULL_CONVERSION = YES;
				CLANG_WARN_OBJC_IMPLICIT_RETAIN_SELF = YES;
				CLANG_WARN_OBJC_LITERAL_CONVERSION = YES;
				CLANG_WARN_OBJC_ROOT_CLASS = YES_ERROR;
				CLANG_WARN_QUOTED_INCLUDE_IN_FRAMEWORK_HEADER = YES;
				CLANG_WARN_RANGE_LOOP_ANALYSIS = YES;
				CLANG_WARN_STRICT_PROTOTYPES = YES;
				CLANG_WARN_SUSPICIOUS_MOVE = YES;
				CLANG_WARN_UNGUARDED_AVAILABILITY = YES_AGGRESSIVE;
				CLANG_WARN_UNREACHABLE_CODE = YES;
				CLANG_WARN__DUPLICATE_METHOD_MATCH = YES;
				COPY_PHASE_STRIP = NO;
				DEBUG_INFORMATION_FORMAT = "dwarf-with-dsym";
				ENABLE_NS_ASSERTIONS = NO;
				ENABLE_STRICT_OBJC_MSGSEND = YES;
				GCC_C_LANGUAGE_STANDARD = gnu11;
				GCC_NO_COMMON_BLOCKS = YES;
				GCC_WARN_64_TO_32_BIT_CONVERSION = YES;
				GCC_WARN_ABOUT_RETURN_TYPE = YES_ERROR;
				GCC_WARN_UNDECLARED_SELECTOR = YES;
				GCC_WARN_UNINITIALIZED_AUTOS = YES_AGGRESSIVE;
				GCC_WARN_UNUSED_FUNCTION = YES;
				GCC_WARN_UNUSED_VARIABLE = YES;
				IPHONEOS_DEPLOYMENT_TARGET = 16.2;
				MTL_ENABLE_DEBUG_INFO = NO;
				MTL_FAST_MATH = YES;
				SDKROOT = iphoneos;
				SWIFT_COMPILATION_MODE = wholemodule;
				SWIFT_OPTIMIZATION_LEVEL = "-O";
				VALIDATE_PRODUCT = YES;
			};
			name = Release;
		};
		A983502C29B6A7160077ADD9 /* Debug */ = {
			isa = XCBuildConfiguration;
			buildSettings = {
				ASSETCATALOG_COMPILER_APPICON_NAME = AppIcon;
				ASSETCATALOG_COMPILER_GLOBAL_ACCENT_COLOR_NAME = AccentColor;
				CODE_SIGN_STYLE = Automatic;
				CURRENT_PROJECT_VERSION = 1;
				GENERATE_INFOPLIST_FILE = YES;
				INFOPLIST_FILE = DrZot/Info.plist;
				INFOPLIST_KEY_UIApplicationSupportsIndirectInputEvents = YES;
				INFOPLIST_KEY_UILaunchStoryboardName = LaunchScreen;
				INFOPLIST_KEY_UIMainStoryboardFile = Main;
				INFOPLIST_KEY_UISupportedInterfaceOrientations_iPad = "UIInterfaceOrientationPortrait UIInterfaceOrientationPortraitUpsideDown UIInterfaceOrientationLandscapeLeft UIInterfaceOrientationLandscapeRight";
				INFOPLIST_KEY_UISupportedInterfaceOrientations_iPhone = "UIInterfaceOrientationPortrait UIInterfaceOrientationLandscapeLeft UIInterfaceOrientationLandscapeRight";
				LD_RUNPATH_SEARCH_PATHS = (
					"$(inherited)",
					"@executable_path/Frameworks",
				);
				MARKETING_VERSION = 1.0;
				PRODUCT_BUNDLE_IDENTIFIER = "CS180A--UCI-OIT.DrZot";
				PRODUCT_NAME = "$(TARGET_NAME)";
				SWIFT_EMIT_LOC_STRINGS = YES;
				SWIFT_VERSION = 5.0;
				TARGETED_DEVICE_FAMILY = "1,2";
			};
			name = Debug;
		};
		A983502D29B6A7160077ADD9 /* Release */ = {
			isa = XCBuildConfiguration;
			buildSettings = {
				ASSETCATALOG_COMPILER_APPICON_NAME = AppIcon;
				ASSETCATALOG_COMPILER_GLOBAL_ACCENT_COLOR_NAME = AccentColor;
				CODE_SIGN_STYLE = Automatic;
				CURRENT_PROJECT_VERSION = 1;
				GENERATE_INFOPLIST_FILE = YES;
				INFOPLIST_FILE = DrZot/Info.plist;
				INFOPLIST_KEY_UIApplicationSupportsIndirectInputEvents = YES;
				INFOPLIST_KEY_UILaunchStoryboardName = LaunchScreen;
				INFOPLIST_KEY_UIMainStoryboardFile = Main;
				INFOPLIST_KEY_UISupportedInterfaceOrientations_iPad = "UIInterfaceOrientationPortrait UIInterfaceOrientationPortraitUpsideDown UIInterfaceOrientationLandscapeLeft UIInterfaceOrientationLandscapeRight";
				INFOPLIST_KEY_UISupportedInterfaceOrientations_iPhone = "UIInterfaceOrientationPortrait UIInterfaceOrientationLandscapeLeft UIInterfaceOrientationLandscapeRight";
				LD_RUNPATH_SEARCH_PATHS = (
					"$(inherited)",
					"@executable_path/Frameworks",
				);
				MARKETING_VERSION = 1.0;
				PRODUCT_BUNDLE_IDENTIFIER = "CS180A--UCI-OIT.DrZot";
				PRODUCT_NAME = "$(TARGET_NAME)";
				SWIFT_EMIT_LOC_STRINGS = YES;
				SWIFT_VERSION = 5.0;
				TARGETED_DEVICE_FAMILY = "1,2";
			};
			name = Release;
		};
		A983502F29B6A7160077ADD9 /* Debug */ = {
			isa = XCBuildConfiguration;
			buildSettings = {
				ALWAYS_EMBED_SWIFT_STANDARD_LIBRARIES = YES;
				BUNDLE_LOADER = "$(TEST_HOST)";
				CODE_SIGN_STYLE = Automatic;
				CURRENT_PROJECT_VERSION = 1;
				GENERATE_INFOPLIST_FILE = YES;
				IPHONEOS_DEPLOYMENT_TARGET = 16.2;
				MARKETING_VERSION = 1.0;
				PRODUCT_BUNDLE_IDENTIFIER = "CS180A--UCI-OIT.DrZotTests";
				PRODUCT_NAME = "$(TARGET_NAME)";
				SWIFT_EMIT_LOC_STRINGS = NO;
				SWIFT_VERSION = 5.0;
				TARGETED_DEVICE_FAMILY = "1,2";
				TEST_HOST = "$(BUILT_PRODUCTS_DIR)/DrZot.app/$(BUNDLE_EXECUTABLE_FOLDER_PATH)/DrZot";
			};
			name = Debug;
		};
		A983503029B6A7160077ADD9 /* Release */ = {
			isa = XCBuildConfiguration;
			buildSettings = {
				ALWAYS_EMBED_SWIFT_STANDARD_LIBRARIES = YES;
				BUNDLE_LOADER = "$(TEST_HOST)";
				CODE_SIGN_STYLE = Automatic;
				CURRENT_PROJECT_VERSION = 1;
				GENERATE_INFOPLIST_FILE = YES;
				IPHONEOS_DEPLOYMENT_TARGET = 16.2;
				MARKETING_VERSION = 1.0;
				PRODUCT_BUNDLE_IDENTIFIER = "CS180A--UCI-OIT.DrZotTests";
				PRODUCT_NAME = "$(TARGET_NAME)";
				SWIFT_EMIT_LOC_STRINGS = NO;
				SWIFT_VERSION = 5.0;
				TARGETED_DEVICE_FAMILY = "1,2";
				TEST_HOST = "$(BUILT_PRODUCTS_DIR)/DrZot.app/$(BUNDLE_EXECUTABLE_FOLDER_PATH)/DrZot";
			};
			name = Release;
		};
		A983503229B6A7160077ADD9 /* Debug */ = {
			isa = XCBuildConfiguration;
			buildSettings = {
				ALWAYS_EMBED_SWIFT_STANDARD_LIBRARIES = YES;
				CODE_SIGN_STYLE = Automatic;
				CURRENT_PROJECT_VERSION = 1;
				GENERATE_INFOPLIST_FILE = YES;
				MARKETING_VERSION = 1.0;
				PRODUCT_BUNDLE_IDENTIFIER = "CS180A--UCI-OIT.DrZotUITests";
				PRODUCT_NAME = "$(TARGET_NAME)";
				SWIFT_EMIT_LOC_STRINGS = NO;
				SWIFT_VERSION = 5.0;
				TARGETED_DEVICE_FAMILY = "1,2";
				TEST_TARGET_NAME = DrZot;
			};
			name = Debug;
		};
		A983503329B6A7160077ADD9 /* Release */ = {
			isa = XCBuildConfiguration;
			buildSettings = {
				ALWAYS_EMBED_SWIFT_STANDARD_LIBRARIES = YES;
				CODE_SIGN_STYLE = Automatic;
				CURRENT_PROJECT_VERSION = 1;
				GENERATE_INFOPLIST_FILE = YES;
				MARKETING_VERSION = 1.0;
				PRODUCT_BUNDLE_IDENTIFIER = "CS180A--UCI-OIT.DrZotUITests";
				PRODUCT_NAME = "$(TARGET_NAME)";
				SWIFT_EMIT_LOC_STRINGS = NO;
				SWIFT_VERSION = 5.0;
				TARGETED_DEVICE_FAMILY = "1,2";
				TEST_TARGET_NAME = DrZot;
			};
			name = Release;
		};
/* End XCBuildConfiguration section */

/* Begin XCConfigurationList section */
		A9834FFC29B6A7140077ADD9 /* Build configuration list for PBXProject "DrZot" */ = {
			isa = XCConfigurationList;
			buildConfigurations = (
				A983502929B6A7160077ADD9 /* Debug */,
				A983502A29B6A7160077ADD9 /* Release */,
			);
			defaultConfigurationIsVisible = 0;
			defaultConfigurationName = Release;
		};
		A983502B29B6A7160077ADD9 /* Build configuration list for PBXNativeTarget "DrZot" */ = {
			isa = XCConfigurationList;
			buildConfigurations = (
				A983502C29B6A7160077ADD9 /* Debug */,
				A983502D29B6A7160077ADD9 /* Release */,
			);
			defaultConfigurationIsVisible = 0;
			defaultConfigurationName = Release;
		};
		A983502E29B6A7160077ADD9 /* Build configuration list for PBXNativeTarget "DrZotTests" */ = {
			isa = XCConfigurationList;
			buildConfigurations = (
				A983502F29B6A7160077ADD9 /* Debug */,
				A983503029B6A7160077ADD9 /* Release */,
			);
			defaultConfigurationIsVisible = 0;
			defaultConfigurationName = Release;
		};
		A983503129B6A7160077ADD9 /* Build configuration list for PBXNativeTarget "DrZotUITests" */ = {
			isa = XCConfigurationList;
			buildConfigurations = (
				A983503229B6A7160077ADD9 /* Debug */,
				A983503329B6A7160077ADD9 /* Release */,
			);
			defaultConfigurationIsVisible = 0;
			defaultConfigurationName = Release;
		};
/* End XCConfigurationList section */
	};
	rootObject = A9834FF929B6A7140077ADD9 /* Project object */;
}
