// !$*UTF8*$!
{
	archiveVersion = 1;
	classes = {
	};
	objectVersion = 56;
	objects = {

/* Begin PBXBuildFile section */
		A9834F8F29AC0BD60077ADD9 /* DrZotApp.swift in Sources */ = {isa = PBXBuildFile; fileRef = A9834F8E29AC0BD60077ADD9 /* DrZotApp.swift */; };
		A9834F9129AC0BD60077ADD9 /* ContentView.swift in Sources */ = {isa = PBXBuildFile; fileRef = A9834F9029AC0BD60077ADD9 /* ContentView.swift */; };
		A9834F9329AC0BD70077ADD9 /* Assets.xcassets in Resources */ = {isa = PBXBuildFile; fileRef = A9834F9229AC0BD70077ADD9 /* Assets.xcassets */; };
		A9834F9629AC0BD70077ADD9 /* Preview Assets.xcassets in Resources */ = {isa = PBXBuildFile; fileRef = A9834F9529AC0BD70077ADD9 /* Preview Assets.xcassets */; };
		A9834FA029AC0BD70077ADD9 /* DrZotTests.swift in Sources */ = {isa = PBXBuildFile; fileRef = A9834F9F29AC0BD70077ADD9 /* DrZotTests.swift */; };
		A9834FAA29AC0BD70077ADD9 /* DrZotUITests.swift in Sources */ = {isa = PBXBuildFile; fileRef = A9834FA929AC0BD70077ADD9 /* DrZotUITests.swift */; };
		A9834FAC29AC0BD70077ADD9 /* DrZotUITestsLaunchTests.swift in Sources */ = {isa = PBXBuildFile; fileRef = A9834FAB29AC0BD70077ADD9 /* DrZotUITestsLaunchTests.swift */; };
/* End PBXBuildFile section */

/* Begin PBXContainerItemProxy section */
		A9834F9C29AC0BD70077ADD9 /* PBXContainerItemProxy */ = {
			isa = PBXContainerItemProxy;
			containerPortal = A9834F8329AC0BD60077ADD9 /* Project object */;
			proxyType = 1;
			remoteGlobalIDString = A9834F8A29AC0BD60077ADD9;
			remoteInfo = DrZot;
		};
		A9834FA629AC0BD70077ADD9 /* PBXContainerItemProxy */ = {
			isa = PBXContainerItemProxy;
			containerPortal = A9834F8329AC0BD60077ADD9 /* Project object */;
			proxyType = 1;
			remoteGlobalIDString = A9834F8A29AC0BD60077ADD9;
			remoteInfo = DrZot;
		};
/* End PBXContainerItemProxy section */

/* Begin PBXFileReference section */
		A9834F8B29AC0BD60077ADD9 /* DrZot.app */ = {isa = PBXFileReference; explicitFileType = wrapper.application; includeInIndex = 0; path = DrZot.app; sourceTree = BUILT_PRODUCTS_DIR; };
		A9834F8E29AC0BD60077ADD9 /* DrZotApp.swift */ = {isa = PBXFileReference; lastKnownFileType = sourcecode.swift; path = DrZotApp.swift; sourceTree = "<group>"; };
		A9834F9029AC0BD60077ADD9 /* ContentView.swift */ = {isa = PBXFileReference; lastKnownFileType = sourcecode.swift; path = ContentView.swift; sourceTree = "<group>"; };
		A9834F9229AC0BD70077ADD9 /* Assets.xcassets */ = {isa = PBXFileReference; lastKnownFileType = folder.assetcatalog; path = Assets.xcassets; sourceTree = "<group>"; };
		A9834F9529AC0BD70077ADD9 /* Preview Assets.xcassets */ = {isa = PBXFileReference; lastKnownFileType = folder.assetcatalog; path = "Preview Assets.xcassets"; sourceTree = "<group>"; };
		A9834F9B29AC0BD70077ADD9 /* DrZotTests.xctest */ = {isa = PBXFileReference; explicitFileType = wrapper.cfbundle; includeInIndex = 0; path = DrZotTests.xctest; sourceTree = BUILT_PRODUCTS_DIR; };
		A9834F9F29AC0BD70077ADD9 /* DrZotTests.swift */ = {isa = PBXFileReference; lastKnownFileType = sourcecode.swift; path = DrZotTests.swift; sourceTree = "<group>"; };
		A9834FA529AC0BD70077ADD9 /* DrZotUITests.xctest */ = {isa = PBXFileReference; explicitFileType = wrapper.cfbundle; includeInIndex = 0; path = DrZotUITests.xctest; sourceTree = BUILT_PRODUCTS_DIR; };
		A9834FA929AC0BD70077ADD9 /* DrZotUITests.swift */ = {isa = PBXFileReference; lastKnownFileType = sourcecode.swift; path = DrZotUITests.swift; sourceTree = "<group>"; };
		A9834FAB29AC0BD70077ADD9 /* DrZotUITestsLaunchTests.swift */ = {isa = PBXFileReference; lastKnownFileType = sourcecode.swift; path = DrZotUITestsLaunchTests.swift; sourceTree = "<group>"; };
/* End PBXFileReference section */

/* Begin PBXFrameworksBuildPhase section */
		A9834F8829AC0BD60077ADD9 /* Frameworks */ = {
			isa = PBXFrameworksBuildPhase;
			buildActionMask = 2147483647;
			files = (
			);
			runOnlyForDeploymentPostprocessing = 0;
		};
		A9834F9829AC0BD70077ADD9 /* Frameworks */ = {
			isa = PBXFrameworksBuildPhase;
			buildActionMask = 2147483647;
			files = (
			);
			runOnlyForDeploymentPostprocessing = 0;
		};
		A9834FA229AC0BD70077ADD9 /* Frameworks */ = {
			isa = PBXFrameworksBuildPhase;
			buildActionMask = 2147483647;
			files = (
			);
			runOnlyForDeploymentPostprocessing = 0;
		};
/* End PBXFrameworksBuildPhase section */

/* Begin PBXGroup section */
		A9834F8229AC0BD60077ADD9 = {
			isa = PBXGroup;
			children = (
				A9834F8D29AC0BD60077ADD9 /* DrZot */,
				A9834F9E29AC0BD70077ADD9 /* DrZotTests */,
				A9834FA829AC0BD70077ADD9 /* DrZotUITests */,
				A9834F8C29AC0BD60077ADD9 /* Products */,
			);
			sourceTree = "<group>";
		};
		A9834F8C29AC0BD60077ADD9 /* Products */ = {
			isa = PBXGroup;
			children = (
				A9834F8B29AC0BD60077ADD9 /* DrZot.app */,
				A9834F9B29AC0BD70077ADD9 /* DrZotTests.xctest */,
				A9834FA529AC0BD70077ADD9 /* DrZotUITests.xctest */,
			);
			name = Products;
			sourceTree = "<group>";
		};
		A9834F8D29AC0BD60077ADD9 /* DrZot */ = {
			isa = PBXGroup;
			children = (
				A9834F8E29AC0BD60077ADD9 /* DrZotApp.swift */,
				A9834F9029AC0BD60077ADD9 /* ContentView.swift */,
				A9834F9229AC0BD70077ADD9 /* Assets.xcassets */,
				A9834F9429AC0BD70077ADD9 /* Preview Content */,
			);
			path = DrZot;
			sourceTree = "<group>";
		};
		A9834F9429AC0BD70077ADD9 /* Preview Content */ = {
			isa = PBXGroup;
			children = (
				A9834F9529AC0BD70077ADD9 /* Preview Assets.xcassets */,
			);
			path = "Preview Content";
			sourceTree = "<group>";
		};
		A9834F9E29AC0BD70077ADD9 /* DrZotTests */ = {
			isa = PBXGroup;
			children = (
				A9834F9F29AC0BD70077ADD9 /* DrZotTests.swift */,
			);
			path = DrZotTests;
			sourceTree = "<group>";
		};
		A9834FA829AC0BD70077ADD9 /* DrZotUITests */ = {
			isa = PBXGroup;
			children = (
				A9834FA929AC0BD70077ADD9 /* DrZotUITests.swift */,
				A9834FAB29AC0BD70077ADD9 /* DrZotUITestsLaunchTests.swift */,
			);
			path = DrZotUITests;
			sourceTree = "<group>";
		};
/* End PBXGroup section */

/* Begin PBXNativeTarget section */
		A9834F8A29AC0BD60077ADD9 /* DrZot */ = {
			isa = PBXNativeTarget;
			buildConfigurationList = A9834FAF29AC0BD70077ADD9 /* Build configuration list for PBXNativeTarget "DrZot" */;
			buildPhases = (
				A9834F8729AC0BD60077ADD9 /* Sources */,
				A9834F8829AC0BD60077ADD9 /* Frameworks */,
				A9834F8929AC0BD60077ADD9 /* Resources */,
			);
			buildRules = (
			);
			dependencies = (
			);
			name = DrZot;
			productName = DrZot;
			productReference = A9834F8B29AC0BD60077ADD9 /* DrZot.app */;
			productType = "com.apple.product-type.application";
		};
		A9834F9A29AC0BD70077ADD9 /* DrZotTests */ = {
			isa = PBXNativeTarget;
			buildConfigurationList = A9834FB229AC0BD70077ADD9 /* Build configuration list for PBXNativeTarget "DrZotTests" */;
			buildPhases = (
				A9834F9729AC0BD70077ADD9 /* Sources */,
				A9834F9829AC0BD70077ADD9 /* Frameworks */,
				A9834F9929AC0BD70077ADD9 /* Resources */,
			);
			buildRules = (
			);
			dependencies = (
				A9834F9D29AC0BD70077ADD9 /* PBXTargetDependency */,
			);
			name = DrZotTests;
			productName = DrZotTests;
			productReference = A9834F9B29AC0BD70077ADD9 /* DrZotTests.xctest */;
			productType = "com.apple.product-type.bundle.unit-test";
		};
		A9834FA429AC0BD70077ADD9 /* DrZotUITests */ = {
			isa = PBXNativeTarget;
			buildConfigurationList = A9834FB529AC0BD70077ADD9 /* Build configuration list for PBXNativeTarget "DrZotUITests" */;
			buildPhases = (
				A9834FA129AC0BD70077ADD9 /* Sources */,
				A9834FA229AC0BD70077ADD9 /* Frameworks */,
				A9834FA329AC0BD70077ADD9 /* Resources */,
			);
			buildRules = (
			);
			dependencies = (
				A9834FA729AC0BD70077ADD9 /* PBXTargetDependency */,
			);
			name = DrZotUITests;
			productName = DrZotUITests;
			productReference = A9834FA529AC0BD70077ADD9 /* DrZotUITests.xctest */;
			productType = "com.apple.product-type.bundle.ui-testing";
		};
/* End PBXNativeTarget section */

/* Begin PBXProject section */
		A9834F8329AC0BD60077ADD9 /* Project object */ = {
			isa = PBXProject;
			attributes = {
				BuildIndependentTargetsInParallel = 1;
				LastSwiftUpdateCheck = 1420;
				LastUpgradeCheck = 1420;
				TargetAttributes = {
					A9834F8A29AC0BD60077ADD9 = {
						CreatedOnToolsVersion = 14.2;
					};
					A9834F9A29AC0BD70077ADD9 = {
						CreatedOnToolsVersion = 14.2;
						TestTargetID = A9834F8A29AC0BD60077ADD9;
					};
					A9834FA429AC0BD70077ADD9 = {
						CreatedOnToolsVersion = 14.2;
						TestTargetID = A9834F8A29AC0BD60077ADD9;
					};
				};
			};
			buildConfigurationList = A9834F8629AC0BD60077ADD9 /* Build configuration list for PBXProject "DrZot" */;
			compatibilityVersion = "Xcode 14.0";
			developmentRegion = en;
			hasScannedForEncodings = 0;
			knownRegions = (
				en,
				Base,
			);
			mainGroup = A9834F8229AC0BD60077ADD9;
			productRefGroup = A9834F8C29AC0BD60077ADD9 /* Products */;
			projectDirPath = "";
			projectRoot = "";
			targets = (
				A9834F8A29AC0BD60077ADD9 /* DrZot */,
				A9834F9A29AC0BD70077ADD9 /* DrZotTests */,
				A9834FA429AC0BD70077ADD9 /* DrZotUITests */,
			);
		};
/* End PBXProject section */

/* Begin PBXResourcesBuildPhase section */
		A9834F8929AC0BD60077ADD9 /* Resources */ = {
			isa = PBXResourcesBuildPhase;
			buildActionMask = 2147483647;
			files = (
				A9834F9629AC0BD70077ADD9 /* Preview Assets.xcassets in Resources */,
				A9834F9329AC0BD70077ADD9 /* Assets.xcassets in Resources */,
			);
			runOnlyForDeploymentPostprocessing = 0;
		};
		A9834F9929AC0BD70077ADD9 /* Resources */ = {
			isa = PBXResourcesBuildPhase;
			buildActionMask = 2147483647;
			files = (
			);
			runOnlyForDeploymentPostprocessing = 0;
		};
		A9834FA329AC0BD70077ADD9 /* Resources */ = {
			isa = PBXResourcesBuildPhase;
			buildActionMask = 2147483647;
			files = (
			);
			runOnlyForDeploymentPostprocessing = 0;
		};
/* End PBXResourcesBuildPhase section */

/* Begin PBXSourcesBuildPhase section */
		A9834F8729AC0BD60077ADD9 /* Sources */ = {
			isa = PBXSourcesBuildPhase;
			buildActionMask = 2147483647;
			files = (
				A9834F9129AC0BD60077ADD9 /* ContentView.swift in Sources */,
				A9834F8F29AC0BD60077ADD9 /* DrZotApp.swift in Sources */,
			);
			runOnlyForDeploymentPostprocessing = 0;
		};
		A9834F9729AC0BD70077ADD9 /* Sources */ = {
			isa = PBXSourcesBuildPhase;
			buildActionMask = 2147483647;
			files = (
				A9834FA029AC0BD70077ADD9 /* DrZotTests.swift in Sources */,
			);
			runOnlyForDeploymentPostprocessing = 0;
		};
		A9834FA129AC0BD70077ADD9 /* Sources */ = {
			isa = PBXSourcesBuildPhase;
			buildActionMask = 2147483647;
			files = (
				A9834FAC29AC0BD70077ADD9 /* DrZotUITestsLaunchTests.swift in Sources */,
				A9834FAA29AC0BD70077ADD9 /* DrZotUITests.swift in Sources */,
			);
			runOnlyForDeploymentPostprocessing = 0;
		};
/* End PBXSourcesBuildPhase section */

/* Begin PBXTargetDependency section */
		A9834F9D29AC0BD70077ADD9 /* PBXTargetDependency */ = {
			isa = PBXTargetDependency;
			target = A9834F8A29AC0BD60077ADD9 /* DrZot */;
			targetProxy = A9834F9C29AC0BD70077ADD9 /* PBXContainerItemProxy */;
		};
		A9834FA729AC0BD70077ADD9 /* PBXTargetDependency */ = {
			isa = PBXTargetDependency;
			target = A9834F8A29AC0BD60077ADD9 /* DrZot */;
			targetProxy = A9834FA629AC0BD70077ADD9 /* PBXContainerItemProxy */;
		};
/* End PBXTargetDependency section */

/* Begin XCBuildConfiguration section */
		A9834FAD29AC0BD70077ADD9 /* Debug */ = {
			isa = XCBuildConfiguration;
			buildSettings = {
				ALWAYS_SEARCH_USER_PATHS = NO;
				CLANG_ANALYZER_NONNULL = YES;
				CLANG_ANALYZER_NUMBER_OBJECT_CONVERSION = YES_AGGRESSIVE;
				CLANG_CXX_LANGUAGE_STANDARD = "gnu++20";
				CLANG_ENABLE_MODULES = YES;
				CLANG_ENABLE_OBJC_ARC = YES;
				CLANG_ENABLE_OBJC_WEAK = YES;
				CLANG_WARN_BLOCK_CAPTURE_AUTORELEASING = YES;
				CLANG_WARN_BOOL_CONVERSION = YES;
				CLANG_WARN_COMMA = YES;
				CLANG_WARN_CONSTANT_CONVERSION = YES;
				CLANG_WARN_DEPRECATED_OBJC_IMPLEMENTATIONS = YES;
				CLANG_WARN_DIRECT_OBJC_ISA_USAGE = YES_ERROR;
				CLANG_WARN_DOCUMENTATION_COMMENTS = YES;
				CLANG_WARN_EMPTY_BODY = YES;
				CLANG_WARN_ENUM_CONVERSION = YES;
				CLANG_WARN_INFINITE_RECURSION = YES;
				CLANG_WARN_INT_CONVERSION = YES;
				CLANG_WARN_NON_LITERAL_NULL_CONVERSION = YES;
				CLANG_WARN_OBJC_IMPLICIT_RETAIN_SELF = YES;
				CLANG_WARN_OBJC_LITERAL_CONVERSION = YES;
				CLANG_WARN_OBJC_ROOT_CLASS = YES_ERROR;
				CLANG_WARN_QUOTED_INCLUDE_IN_FRAMEWORK_HEADER = YES;
				CLANG_WARN_RANGE_LOOP_ANALYSIS = YES;
				CLANG_WARN_STRICT_PROTOTYPES = YES;
				CLANG_WARN_SUSPICIOUS_MOVE = YES;
				CLANG_WARN_UNGUARDED_AVAILABILITY = YES_AGGRESSIVE;
				CLANG_WARN_UNREACHABLE_CODE = YES;
				CLANG_WARN__DUPLICATE_METHOD_MATCH = YES;
				COPY_PHASE_STRIP = NO;
				DEBUG_INFORMATION_FORMAT = dwarf;
				ENABLE_STRICT_OBJC_MSGSEND = YES;
				ENABLE_TESTABILITY = YES;
				GCC_C_LANGUAGE_STANDARD = gnu11;
				GCC_DYNAMIC_NO_PIC = NO;
				GCC_NO_COMMON_BLOCKS = YES;
				GCC_OPTIMIZATION_LEVEL = 0;
				GCC_PREPROCESSOR_DEFINITIONS = (
					"DEBUG=1",
					"$(inherited)",
				);
				GCC_WARN_64_TO_32_BIT_CONVERSION = YES;
				GCC_WARN_ABOUT_RETURN_TYPE = YES_ERROR;
				GCC_WARN_UNDECLARED_SELECTOR = YES;
				GCC_WARN_UNINITIALIZED_AUTOS = YES_AGGRESSIVE;
				GCC_WARN_UNUSED_FUNCTION = YES;
				GCC_WARN_UNUSED_VARIABLE = YES;
				IPHONEOS_DEPLOYMENT_TARGET = 16.2;
				MTL_ENABLE_DEBUG_INFO = INCLUDE_SOURCE;
				MTL_FAST_MATH = YES;
				ONLY_ACTIVE_ARCH = YES;
				SDKROOT = iphoneos;
				SWIFT_ACTIVE_COMPILATION_CONDITIONS = DEBUG;
				SWIFT_OPTIMIZATION_LEVEL = "-Onone";
			};
			name = Debug;
		};
		A9834FAE29AC0BD70077ADD9 /* Release */ = {
			isa = XCBuildConfiguration;
			buildSettings = {
				ALWAYS_SEARCH_USER_PATHS = NO;
				CLANG_ANALYZER_NONNULL = YES;
				CLANG_ANALYZER_NUMBER_OBJECT_CONVERSION = YES_AGGRESSIVE;
				CLANG_CXX_LANGUAGE_STANDARD = "gnu++20";
				CLANG_ENABLE_MODULES = YES;
				CLANG_ENABLE_OBJC_ARC = YES;
				CLANG_ENABLE_OBJC_WEAK = YES;
				CLANG_WARN_BLOCK_CAPTURE_AUTORELEASING = YES;
				CLANG_WARN_BOOL_CONVERSION = YES;
				CLANG_WARN_COMMA = YES;
				CLANG_WARN_CONSTANT_CONVERSION = YES;
				CLANG_WARN_DEPRECATED_OBJC_IMPLEMENTATIONS = YES;
				CLANG_WARN_DIRECT_OBJC_ISA_USAGE = YES_ERROR;
				CLANG_WARN_DOCUMENTATION_COMMENTS = YES;
				CLANG_WARN_EMPTY_BODY = YES;
				CLANG_WARN_ENUM_CONVERSION = YES;
				CLANG_WARN_INFINITE_RECURSION = YES;
				CLANG_WARN_INT_CONVERSION = YES;
				CLANG_WARN_NON_LITERAL_NULL_CONVERSION = YES;
				CLANG_WARN_OBJC_IMPLICIT_RETAIN_SELF = YES;
				CLANG_WARN_OBJC_LITERAL_CONVERSION = YES;
				CLANG_WARN_OBJC_ROOT_CLASS = YES_ERROR;
				CLANG_WARN_QUOTED_INCLUDE_IN_FRAMEWORK_HEADER = YES;
				CLANG_WARN_RANGE_LOOP_ANALYSIS = YES;
				CLANG_WARN_STRICT_PROTOTYPES = YES;
				CLANG_WARN_SUSPICIOUS_MOVE = YES;
				CLANG_WARN_UNGUARDED_AVAILABILITY = YES_AGGRESSIVE;
				CLANG_WARN_UNREACHABLE_CODE = YES;
				CLANG_WARN__DUPLICATE_METHOD_MATCH = YES;
				COPY_PHASE_STRIP = NO;
				DEBUG_INFORMATION_FORMAT = "dwarf-with-dsym";
				ENABLE_NS_ASSERTIONS = NO;
				ENABLE_STRICT_OBJC_MSGSEND = YES;
				GCC_C_LANGUAGE_STANDARD = gnu11;
				GCC_NO_COMMON_BLOCKS = YES;
				GCC_WARN_64_TO_32_BIT_CONVERSION = YES;
				GCC_WARN_ABOUT_RETURN_TYPE = YES_ERROR;
				GCC_WARN_UNDECLARED_SELECTOR = YES;
				GCC_WARN_UNINITIALIZED_AUTOS = YES_AGGRESSIVE;
				GCC_WARN_UNUSED_FUNCTION = YES;
				GCC_WARN_UNUSED_VARIABLE = YES;
				IPHONEOS_DEPLOYMENT_TARGET = 16.2;
				MTL_ENABLE_DEBUG_INFO = NO;
				MTL_FAST_MATH = YES;
				SDKROOT = iphoneos;
				SWIFT_COMPILATION_MODE = wholemodule;
				SWIFT_OPTIMIZATION_LEVEL = "-O";
				VALIDATE_PRODUCT = YES;
			};
			name = Release;
		};
		A9834FB029AC0BD70077ADD9 /* Debug */ = {
			isa = XCBuildConfiguration;
			buildSettings = {
				ASSETCATALOG_COMPILER_APPICON_NAME = AppIcon;
				ASSETCATALOG_COMPILER_GLOBAL_ACCENT_COLOR_NAME = AccentColor;
				CODE_SIGN_STYLE = Automatic;
				CURRENT_PROJECT_VERSION = 1;
				DEVELOPMENT_ASSET_PATHS = "\"DrZot/Preview Content\"";
				ENABLE_PREVIEWS = YES;
				GENERATE_INFOPLIST_FILE = YES;
				INFOPLIST_KEY_UIApplicationSceneManifest_Generation = YES;
				INFOPLIST_KEY_UIApplicationSupportsIndirectInputEvents = YES;
				INFOPLIST_KEY_UILaunchScreen_Generation = YES;
				INFOPLIST_KEY_UISupportedInterfaceOrientations_iPad = "UIInterfaceOrientationPortrait UIInterfaceOrientationPortraitUpsideDown UIInterfaceOrientationLandscapeLeft UIInterfaceOrientationLandscapeRight";
				INFOPLIST_KEY_UISupportedInterfaceOrientations_iPhone = "UIInterfaceOrientationPortrait UIInterfaceOrientationLandscapeLeft UIInterfaceOrientationLandscapeRight";
				LD_RUNPATH_SEARCH_PATHS = (
					"$(inherited)",
					"@executable_path/Frameworks",
				);
				MARKETING_VERSION = 1.0;
				PRODUCT_BUNDLE_IDENTIFIER = "CS180A--UCI-OIT.DrZot";
				PRODUCT_NAME = "$(TARGET_NAME)";
				SWIFT_EMIT_LOC_STRINGS = YES;
				SWIFT_VERSION = 5.0;
				TARGETED_DEVICE_FAMILY = "1,2";
			};
			name = Debug;
		};
		A9834FB129AC0BD70077ADD9 /* Release */ = {
			isa = XCBuildConfiguration;
			buildSettings = {
				ASSETCATALOG_COMPILER_APPICON_NAME = AppIcon;
				ASSETCATALOG_COMPILER_GLOBAL_ACCENT_COLOR_NAME = AccentColor;
				CODE_SIGN_STYLE = Automatic;
				CURRENT_PROJECT_VERSION = 1;
				DEVELOPMENT_ASSET_PATHS = "\"DrZot/Preview Content\"";
				ENABLE_PREVIEWS = YES;
				GENERATE_INFOPLIST_FILE = YES;
				INFOPLIST_KEY_UIApplicationSceneManifest_Generation = YES;
				INFOPLIST_KEY_UIApplicationSupportsIndirectInputEvents = YES;
				INFOPLIST_KEY_UILaunchScreen_Generation = YES;
				INFOPLIST_KEY_UISupportedInterfaceOrientations_iPad = "UIInterfaceOrientationPortrait UIInterfaceOrientationPortraitUpsideDown UIInterfaceOrientationLandscapeLeft UIInterfaceOrientationLandscapeRight";
				INFOPLIST_KEY_UISupportedInterfaceOrientations_iPhone = "UIInterfaceOrientationPortrait UIInterfaceOrientationLandscapeLeft UIInterfaceOrientationLandscapeRight";
				LD_RUNPATH_SEARCH_PATHS = (
					"$(inherited)",
					"@executable_path/Frameworks",
				);
				MARKETING_VERSION = 1.0;
				PRODUCT_BUNDLE_IDENTIFIER = "CS180A--UCI-OIT.DrZot";
				PRODUCT_NAME = "$(TARGET_NAME)";
				SWIFT_EMIT_LOC_STRINGS = YES;
				SWIFT_VERSION = 5.0;
				TARGETED_DEVICE_FAMILY = "1,2";
			};
			name = Release;
		};
		A9834FB329AC0BD70077ADD9 /* Debug */ = {
			isa = XCBuildConfiguration;
			buildSettings = {
				ALWAYS_EMBED_SWIFT_STANDARD_LIBRARIES = YES;
				BUNDLE_LOADER = "$(TEST_HOST)";
				CODE_SIGN_STYLE = Automatic;
				CURRENT_PROJECT_VERSION = 1;
				GENERATE_INFOPLIST_FILE = YES;
				IPHONEOS_DEPLOYMENT_TARGET = 16.2;
				MARKETING_VERSION = 1.0;
				PRODUCT_BUNDLE_IDENTIFIER = "CS180A--UCI-OIT.DrZotTests";
				PRODUCT_NAME = "$(TARGET_NAME)";
				SWIFT_EMIT_LOC_STRINGS = NO;
				SWIFT_VERSION = 5.0;
				TARGETED_DEVICE_FAMILY = "1,2";
				TEST_HOST = "$(BUILT_PRODUCTS_DIR)/DrZot.app/$(BUNDLE_EXECUTABLE_FOLDER_PATH)/DrZot";
			};
			name = Debug;
		};
		A9834FB429AC0BD70077ADD9 /* Release */ = {
			isa = XCBuildConfiguration;
			buildSettings = {
				ALWAYS_EMBED_SWIFT_STANDARD_LIBRARIES = YES;
				BUNDLE_LOADER = "$(TEST_HOST)";
				CODE_SIGN_STYLE = Automatic;
				CURRENT_PROJECT_VERSION = 1;
				GENERATE_INFOPLIST_FILE = YES;
				IPHONEOS_DEPLOYMENT_TARGET = 16.2;
				MARKETING_VERSION = 1.0;
				PRODUCT_BUNDLE_IDENTIFIER = "CS180A--UCI-OIT.DrZotTests";
				PRODUCT_NAME = "$(TARGET_NAME)";
				SWIFT_EMIT_LOC_STRINGS = NO;
				SWIFT_VERSION = 5.0;
				TARGETED_DEVICE_FAMILY = "1,2";
				TEST_HOST = "$(BUILT_PRODUCTS_DIR)/DrZot.app/$(BUNDLE_EXECUTABLE_FOLDER_PATH)/DrZot";
			};
			name = Release;
		};
		A9834FB629AC0BD70077ADD9 /* Debug */ = {
			isa = XCBuildConfiguration;
			buildSettings = {
				ALWAYS_EMBED_SWIFT_STANDARD_LIBRARIES = YES;
				CODE_SIGN_STYLE = Automatic;
				CURRENT_PROJECT_VERSION = 1;
				GENERATE_INFOPLIST_FILE = YES;
				MARKETING_VERSION = 1.0;
				PRODUCT_BUNDLE_IDENTIFIER = "CS180A--UCI-OIT.DrZotUITests";
				PRODUCT_NAME = "$(TARGET_NAME)";
				SWIFT_EMIT_LOC_STRINGS = NO;
				SWIFT_VERSION = 5.0;
				TARGETED_DEVICE_FAMILY = "1,2";
				TEST_TARGET_NAME = DrZot;
			};
			name = Debug;
		};
		A9834FB729AC0BD70077ADD9 /* Release */ = {
			isa = XCBuildConfiguration;
			buildSettings = {
				ALWAYS_EMBED_SWIFT_STANDARD_LIBRARIES = YES;
				CODE_SIGN_STYLE = Automatic;
				CURRENT_PROJECT_VERSION = 1;
				GENERATE_INFOPLIST_FILE = YES;
				MARKETING_VERSION = 1.0;
				PRODUCT_BUNDLE_IDENTIFIER = "CS180A--UCI-OIT.DrZotUITests";
				PRODUCT_NAME = "$(TARGET_NAME)";
				SWIFT_EMIT_LOC_STRINGS = NO;
				SWIFT_VERSION = 5.0;
				TARGETED_DEVICE_FAMILY = "1,2";
				TEST_TARGET_NAME = DrZot;
			};
			name = Release;
		};
/* End XCBuildConfiguration section */

/* Begin XCConfigurationList section */
		A9834F8629AC0BD60077ADD9 /* Build configuration list for PBXProject "DrZot" */ = {
			isa = XCConfigurationList;
			buildConfigurations = (
				A9834FAD29AC0BD70077ADD9 /* Debug */,
				A9834FAE29AC0BD70077ADD9 /* Release */,
			);
			defaultConfigurationIsVisible = 0;
			defaultConfigurationName = Release;
		};
		A9834FAF29AC0BD70077ADD9 /* Build configuration list for PBXNativeTarget "DrZot" */ = {
			isa = XCConfigurationList;
			buildConfigurations = (
				A9834FB029AC0BD70077ADD9 /* Debug */,
				A9834FB129AC0BD70077ADD9 /* Release */,
			);
			defaultConfigurationIsVisible = 0;
			defaultConfigurationName = Release;
		};
		A9834FB229AC0BD70077ADD9 /* Build configuration list for PBXNativeTarget "DrZotTests" */ = {
			isa = XCConfigurationList;
			buildConfigurations = (
				A9834FB329AC0BD70077ADD9 /* Debug */,
				A9834FB429AC0BD70077ADD9 /* Release */,
			);
			defaultConfigurationIsVisible = 0;
			defaultConfigurationName = Release;
		};
		A9834FB529AC0BD70077ADD9 /* Build configuration list for PBXNativeTarget "DrZotUITests" */ = {
			isa = XCConfigurationList;
			buildConfigurations = (
				A9834FB629AC0BD70077ADD9 /* Debug */,
				A9834FB729AC0BD70077ADD9 /* Release */,
			);
			defaultConfigurationIsVisible = 0;
			defaultConfigurationName = Release;
		};
/* End XCConfigurationList section */
	};
	rootObject = A9834F8329AC0BD60077ADD9 /* Project object */;
}
