// !$*UTF8*$!
{
	archiveVersion = 1;
	classes = {
	};
	objectVersion = 56;
	objects = {

/* Begin PBXBuildFile section */
		A9834F5929AC055F0077ADD9 /* Dr__ZotApp.swift in Sources */ = {isa = PBXBuildFile; fileRef = A9834F5829AC055F0077ADD9 /* Dr__ZotApp.swift */; };
		A9834F5B29AC055F0077ADD9 /* ContentView.swift in Sources */ = {isa = PBXBuildFile; fileRef = A9834F5A29AC055F0077ADD9 /* ContentView.swift */; };
		A9834F5D29AC05610077ADD9 /* Assets.xcassets in Resources */ = {isa = PBXBuildFile; fileRef = A9834F5C29AC05610077ADD9 /* Assets.xcassets */; };
		A9834F6029AC05610077ADD9 /* Preview Assets.xcassets in Resources */ = {isa = PBXBuildFile; fileRef = A9834F5F29AC05610077ADD9 /* Preview Assets.xcassets */; };
		A9834F6A29AC05610077ADD9 /* Dr__ZotTests.swift in Sources */ = {isa = PBXBuildFile; fileRef = A9834F6929AC05610077ADD9 /* Dr__ZotTests.swift */; };
		A9834F7429AC05610077ADD9 /* Dr__ZotUITests.swift in Sources */ = {isa = PBXBuildFile; fileRef = A9834F7329AC05610077ADD9 /* Dr__ZotUITests.swift */; };
		A9834F7629AC05610077ADD9 /* Dr__ZotUITestsLaunchTests.swift in Sources */ = {isa = PBXBuildFile; fileRef = A9834F7529AC05610077ADD9 /* Dr__ZotUITestsLaunchTests.swift */; };
/* End PBXBuildFile section */

/* Begin PBXContainerItemProxy section */
		A9834F6629AC05610077ADD9 /* PBXContainerItemProxy */ = {
			isa = PBXContainerItemProxy;
			containerPortal = A9834F4D29AC055F0077ADD9 /* Project object */;
			proxyType = 1;
			remoteGlobalIDString = A9834F5429AC055F0077ADD9;
			remoteInfo = "Dr. Zot";
		};
		A9834F7029AC05610077ADD9 /* PBXContainerItemProxy */ = {
			isa = PBXContainerItemProxy;
			containerPortal = A9834F4D29AC055F0077ADD9 /* Project object */;
			proxyType = 1;
			remoteGlobalIDString = A9834F5429AC055F0077ADD9;
			remoteInfo = "Dr. Zot";
		};
/* End PBXContainerItemProxy section */

/* Begin PBXFileReference section */
		A9834F5529AC055F0077ADD9 /* Dr. Zot.app */ = {isa = PBXFileReference; explicitFileType = wrapper.application; includeInIndex = 0; path = "Dr. Zot.app"; sourceTree = BUILT_PRODUCTS_DIR; };
		A9834F5829AC055F0077ADD9 /* Dr__ZotApp.swift */ = {isa = PBXFileReference; lastKnownFileType = sourcecode.swift; path = Dr__ZotApp.swift; sourceTree = "<group>"; };
		A9834F5A29AC055F0077ADD9 /* ContentView.swift */ = {isa = PBXFileReference; lastKnownFileType = sourcecode.swift; path = ContentView.swift; sourceTree = "<group>"; };
		A9834F5C29AC05610077ADD9 /* Assets.xcassets */ = {isa = PBXFileReference; lastKnownFileType = folder.assetcatalog; path = Assets.xcassets; sourceTree = "<group>"; };
		A9834F5F29AC05610077ADD9 /* Preview Assets.xcassets */ = {isa = PBXFileReference; lastKnownFileType = folder.assetcatalog; path = "Preview Assets.xcassets"; sourceTree = "<group>"; };
		A9834F6529AC05610077ADD9 /* Dr. ZotTests.xctest */ = {isa = PBXFileReference; explicitFileType = wrapper.cfbundle; includeInIndex = 0; path = "Dr. ZotTests.xctest"; sourceTree = BUILT_PRODUCTS_DIR; };
		A9834F6929AC05610077ADD9 /* Dr__ZotTests.swift */ = {isa = PBXFileReference; lastKnownFileType = sourcecode.swift; path = Dr__ZotTests.swift; sourceTree = "<group>"; };
		A9834F6F29AC05610077ADD9 /* Dr. ZotUITests.xctest */ = {isa = PBXFileReference; explicitFileType = wrapper.cfbundle; includeInIndex = 0; path = "Dr. ZotUITests.xctest"; sourceTree = BUILT_PRODUCTS_DIR; };
		A9834F7329AC05610077ADD9 /* Dr__ZotUITests.swift */ = {isa = PBXFileReference; lastKnownFileType = sourcecode.swift; path = Dr__ZotUITests.swift; sourceTree = "<group>"; };
		A9834F7529AC05610077ADD9 /* Dr__ZotUITestsLaunchTests.swift */ = {isa = PBXFileReference; lastKnownFileType = sourcecode.swift; path = Dr__ZotUITestsLaunchTests.swift; sourceTree = "<group>"; };
/* End PBXFileReference section */

/* Begin PBXFrameworksBuildPhase section */
		A9834F5229AC055F0077ADD9 /* Frameworks */ = {
			isa = PBXFrameworksBuildPhase;
			buildActionMask = 2147483647;
			files = (
			);
			runOnlyForDeploymentPostprocessing = 0;
		};
		A9834F6229AC05610077ADD9 /* Frameworks */ = {
			isa = PBXFrameworksBuildPhase;
			buildActionMask = 2147483647;
			files = (
			);
			runOnlyForDeploymentPostprocessing = 0;
		};
		A9834F6C29AC05610077ADD9 /* Frameworks */ = {
			isa = PBXFrameworksBuildPhase;
			buildActionMask = 2147483647;
			files = (
			);
			runOnlyForDeploymentPostprocessing = 0;
		};
/* End PBXFrameworksBuildPhase section */

/* Begin PBXGroup section */
		A9834F4C29AC055F0077ADD9 = {
			isa = PBXGroup;
			children = (
				A9834F5729AC055F0077ADD9 /* Dr. Zot */,
				A9834F6829AC05610077ADD9 /* Dr. ZotTests */,
				A9834F7229AC05610077ADD9 /* Dr. ZotUITests */,
				A9834F5629AC055F0077ADD9 /* Products */,
			);
			sourceTree = "<group>";
		};
		A9834F5629AC055F0077ADD9 /* Products */ = {
			isa = PBXGroup;
			children = (
				A9834F5529AC055F0077ADD9 /* Dr. Zot.app */,
				A9834F6529AC05610077ADD9 /* Dr. ZotTests.xctest */,
				A9834F6F29AC05610077ADD9 /* Dr. ZotUITests.xctest */,
			);
			name = Products;
			sourceTree = "<group>";
		};
		A9834F5729AC055F0077ADD9 /* Dr. Zot */ = {
			isa = PBXGroup;
			children = (
				A9834F5829AC055F0077ADD9 /* Dr__ZotApp.swift */,
				A9834F5A29AC055F0077ADD9 /* ContentView.swift */,
				A9834F5C29AC05610077ADD9 /* Assets.xcassets */,
				A9834F5E29AC05610077ADD9 /* Preview Content */,
			);
			path = "Dr. Zot";
			sourceTree = "<group>";
		};
		A9834F5E29AC05610077ADD9 /* Preview Content */ = {
			isa = PBXGroup;
			children = (
				A9834F5F29AC05610077ADD9 /* Preview Assets.xcassets */,
			);
			path = "Preview Content";
			sourceTree = "<group>";
		};
		A9834F6829AC05610077ADD9 /* Dr. ZotTests */ = {
			isa = PBXGroup;
			children = (
				A9834F6929AC05610077ADD9 /* Dr__ZotTests.swift */,
			);
			path = "Dr. ZotTests";
			sourceTree = "<group>";
		};
		A9834F7229AC05610077ADD9 /* Dr. ZotUITests */ = {
			isa = PBXGroup;
			children = (
				A9834F7329AC05610077ADD9 /* Dr__ZotUITests.swift */,
				A9834F7529AC05610077ADD9 /* Dr__ZotUITestsLaunchTests.swift */,
			);
			path = "Dr. ZotUITests";
			sourceTree = "<group>";
		};
/* End PBXGroup section */

/* Begin PBXNativeTarget section */
		A9834F5429AC055F0077ADD9 /* Dr. Zot */ = {
			isa = PBXNativeTarget;
			buildConfigurationList = A9834F7929AC05610077ADD9 /* Build configuration list for PBXNativeTarget "Dr. Zot" */;
			buildPhases = (
				A9834F5129AC055F0077ADD9 /* Sources */,
				A9834F5229AC055F0077ADD9 /* Frameworks */,
				A9834F5329AC055F0077ADD9 /* Resources */,
			);
			buildRules = (
			);
			dependencies = (
			);
			name = "Dr. Zot";
			productName = "Dr. Zot";
			productReference = A9834F5529AC055F0077ADD9 /* Dr. Zot.app */;
			productType = "com.apple.product-type.application";
		};
		A9834F6429AC05610077ADD9 /* Dr. ZotTests */ = {
			isa = PBXNativeTarget;
			buildConfigurationList = A9834F7C29AC05610077ADD9 /* Build configuration list for PBXNativeTarget "Dr. ZotTests" */;
			buildPhases = (
				A9834F6129AC05610077ADD9 /* Sources */,
				A9834F6229AC05610077ADD9 /* Frameworks */,
				A9834F6329AC05610077ADD9 /* Resources */,
			);
			buildRules = (
			);
			dependencies = (
				A9834F6729AC05610077ADD9 /* PBXTargetDependency */,
			);
			name = "Dr. ZotTests";
			productName = "Dr. ZotTests";
			productReference = A9834F6529AC05610077ADD9 /* Dr. ZotTests.xctest */;
			productType = "com.apple.product-type.bundle.unit-test";
		};
		A9834F6E29AC05610077ADD9 /* Dr. ZotUITests */ = {
			isa = PBXNativeTarget;
			buildConfigurationList = A9834F7F29AC05610077ADD9 /* Build configuration list for PBXNativeTarget "Dr. ZotUITests" */;
			buildPhases = (
				A9834F6B29AC05610077ADD9 /* Sources */,
				A9834F6C29AC05610077ADD9 /* Frameworks */,
				A9834F6D29AC05610077ADD9 /* Resources */,
			);
			buildRules = (
			);
			dependencies = (
				A9834F7129AC05610077ADD9 /* PBXTargetDependency */,
			);
			name = "Dr. ZotUITests";
			productName = "Dr. ZotUITests";
			productReference = A9834F6F29AC05610077ADD9 /* Dr. ZotUITests.xctest */;
			productType = "com.apple.product-type.bundle.ui-testing";
		};
/* End PBXNativeTarget section */

/* Begin PBXProject section */
		A9834F4D29AC055F0077ADD9 /* Project object */ = {
			isa = PBXProject;
			attributes = {
				BuildIndependentTargetsInParallel = 1;
				LastSwiftUpdateCheck = 1420;
				LastUpgradeCheck = 1420;
				TargetAttributes = {
					A9834F5429AC055F0077ADD9 = {
						CreatedOnToolsVersion = 14.2;
					};
					A9834F6429AC05610077ADD9 = {
						CreatedOnToolsVersion = 14.2;
						TestTargetID = A9834F5429AC055F0077ADD9;
					};
					A9834F6E29AC05610077ADD9 = {
						CreatedOnToolsVersion = 14.2;
						TestTargetID = A9834F5429AC055F0077ADD9;
					};
				};
			};
			buildConfigurationList = A9834F5029AC055F0077ADD9 /* Build configuration list for PBXProject "Dr. Zot" */;
			compatibilityVersion = "Xcode 14.0";
			developmentRegion = en;
			hasScannedForEncodings = 0;
			knownRegions = (
				en,
				Base,
			);
			mainGroup = A9834F4C29AC055F0077ADD9;
			productRefGroup = A9834F5629AC055F0077ADD9 /* Products */;
			projectDirPath = "";
			projectRoot = "";
			targets = (
				A9834F5429AC055F0077ADD9 /* Dr. Zot */,
				A9834F6429AC05610077ADD9 /* Dr. ZotTests */,
				A9834F6E29AC05610077ADD9 /* Dr. ZotUITests */,
			);
		};
/* End PBXProject section */

/* Begin PBXResourcesBuildPhase section */
		A9834F5329AC055F0077ADD9 /* Resources */ = {
			isa = PBXResourcesBuildPhase;
			buildActionMask = 2147483647;
			files = (
				A9834F6029AC05610077ADD9 /* Preview Assets.xcassets in Resources */,
				A9834F5D29AC05610077ADD9 /* Assets.xcassets in Resources */,
			);
			runOnlyForDeploymentPostprocessing = 0;
		};
		A9834F6329AC05610077ADD9 /* Resources */ = {
			isa = PBXResourcesBuildPhase;
			buildActionMask = 2147483647;
			files = (
			);
			runOnlyForDeploymentPostprocessing = 0;
		};
		A9834F6D29AC05610077ADD9 /* Resources */ = {
			isa = PBXResourcesBuildPhase;
			buildActionMask = 2147483647;
			files = (
			);
			runOnlyForDeploymentPostprocessing = 0;
		};
/* End PBXResourcesBuildPhase section */

/* Begin PBXSourcesBuildPhase section */
		A9834F5129AC055F0077ADD9 /* Sources */ = {
			isa = PBXSourcesBuildPhase;
			buildActionMask = 2147483647;
			files = (
				A9834F5B29AC055F0077ADD9 /* ContentView.swift in Sources */,
				A9834F5929AC055F0077ADD9 /* Dr__ZotApp.swift in Sources */,
			);
			runOnlyForDeploymentPostprocessing = 0;
		};
		A9834F6129AC05610077ADD9 /* Sources */ = {
			isa = PBXSourcesBuildPhase;
			buildActionMask = 2147483647;
			files = (
				A9834F6A29AC05610077ADD9 /* Dr__ZotTests.swift in Sources */,
			);
			runOnlyForDeploymentPostprocessing = 0;
		};
		A9834F6B29AC05610077ADD9 /* Sources */ = {
			isa = PBXSourcesBuildPhase;
			buildActionMask = 2147483647;
			files = (
				A9834F7629AC05610077ADD9 /* Dr__ZotUITestsLaunchTests.swift in Sources */,
				A9834F7429AC05610077ADD9 /* Dr__ZotUITests.swift in Sources */,
			);
			runOnlyForDeploymentPostprocessing = 0;
		};
/* End PBXSourcesBuildPhase section */

/* Begin PBXTargetDependency section */
		A9834F6729AC05610077ADD9 /* PBXTargetDependency */ = {
			isa = PBXTargetDependency;
			target = A9834F5429AC055F0077ADD9 /* Dr. Zot */;
			targetProxy = A9834F6629AC05610077ADD9 /* PBXContainerItemProxy */;
		};
		A9834F7129AC05610077ADD9 /* PBXTargetDependency */ = {
			isa = PBXTargetDependency;
			target = A9834F5429AC055F0077ADD9 /* Dr. Zot */;
			targetProxy = A9834F7029AC05610077ADD9 /* PBXContainerItemProxy */;
		};
/* End PBXTargetDependency section */

/* Begin XCBuildConfiguration section */
		A9834F7729AC05610077ADD9 /* Debug */ = {
			isa = XCBuildConfiguration;
			buildSettings = {
				ALWAYS_SEARCH_USER_PATHS = NO;
				CLANG_ANALYZER_NONNULL = YES;
				CLANG_ANALYZER_NUMBER_OBJECT_CONVERSION = YES_AGGRESSIVE;
				CLANG_CXX_LANGUAGE_STANDARD = "gnu++20";
				CLANG_ENABLE_MODULES = YES;
				CLANG_ENABLE_OBJC_ARC = YES;
				CLANG_ENABLE_OBJC_WEAK = YES;
				CLANG_WARN_BLOCK_CAPTURE_AUTORELEASING = YES;
				CLANG_WARN_BOOL_CONVERSION = YES;
				CLANG_WARN_COMMA = YES;
				CLANG_WARN_CONSTANT_CONVERSION = YES;
				CLANG_WARN_DEPRECATED_OBJC_IMPLEMENTATIONS = YES;
				CLANG_WARN_DIRECT_OBJC_ISA_USAGE = YES_ERROR;
				CLANG_WARN_DOCUMENTATION_COMMENTS = YES;
				CLANG_WARN_EMPTY_BODY = YES;
				CLANG_WARN_ENUM_CONVERSION = YES;
				CLANG_WARN_INFINITE_RECURSION = YES;
				CLANG_WARN_INT_CONVERSION = YES;
				CLANG_WARN_NON_LITERAL_NULL_CONVERSION = YES;
				CLANG_WARN_OBJC_IMPLICIT_RETAIN_SELF = YES;
				CLANG_WARN_OBJC_LITERAL_CONVERSION = YES;
				CLANG_WARN_OBJC_ROOT_CLASS = YES_ERROR;
				CLANG_WARN_QUOTED_INCLUDE_IN_FRAMEWORK_HEADER = YES;
				CLANG_WARN_RANGE_LOOP_ANALYSIS = YES;
				CLANG_WARN_STRICT_PROTOTYPES = YES;
				CLANG_WARN_SUSPICIOUS_MOVE = YES;
				CLANG_WARN_UNGUARDED_AVAILABILITY = YES_AGGRESSIVE;
				CLANG_WARN_UNREACHABLE_CODE = YES;
				CLANG_WARN__DUPLICATE_METHOD_MATCH = YES;
				COPY_PHASE_STRIP = NO;
				DEBUG_INFORMATION_FORMAT = dwarf;
				ENABLE_STRICT_OBJC_MSGSEND = YES;
				ENABLE_TESTABILITY = YES;
				GCC_C_LANGUAGE_STANDARD = gnu11;
				GCC_DYNAMIC_NO_PIC = NO;
				GCC_NO_COMMON_BLOCKS = YES;
				GCC_OPTIMIZATION_LEVEL = 0;
				GCC_PREPROCESSOR_DEFINITIONS = (
					"DEBUG=1",
					"$(inherited)",
				);
				GCC_WARN_64_TO_32_BIT_CONVERSION = YES;
				GCC_WARN_ABOUT_RETURN_TYPE = YES_ERROR;
				GCC_WARN_UNDECLARED_SELECTOR = YES;
				GCC_WARN_UNINITIALIZED_AUTOS = YES_AGGRESSIVE;
				GCC_WARN_UNUSED_FUNCTION = YES;
				GCC_WARN_UNUSED_VARIABLE = YES;
				IPHONEOS_DEPLOYMENT_TARGET = 16.2;
				MTL_ENABLE_DEBUG_INFO = INCLUDE_SOURCE;
				MTL_FAST_MATH = YES;
				ONLY_ACTIVE_ARCH = YES;
				SDKROOT = iphoneos;
				SWIFT_ACTIVE_COMPILATION_CONDITIONS = DEBUG;
				SWIFT_OPTIMIZATION_LEVEL = "-Onone";
			};
			name = Debug;
		};
		A9834F7829AC05610077ADD9 /* Release */ = {
			isa = XCBuildConfiguration;
			buildSettings = {
				ALWAYS_SEARCH_USER_PATHS = NO;
				CLANG_ANALYZER_NONNULL = YES;
				CLANG_ANALYZER_NUMBER_OBJECT_CONVERSION = YES_AGGRESSIVE;
				CLANG_CXX_LANGUAGE_STANDARD = "gnu++20";
				CLANG_ENABLE_MODULES = YES;
				CLANG_ENABLE_OBJC_ARC = YES;
				CLANG_ENABLE_OBJC_WEAK = YES;
				CLANG_WARN_BLOCK_CAPTURE_AUTORELEASING = YES;
				CLANG_WARN_BOOL_CONVERSION = YES;
				CLANG_WARN_COMMA = YES;
				CLANG_WARN_CONSTANT_CONVERSION = YES;
				CLANG_WARN_DEPRECATED_OBJC_IMPLEMENTATIONS = YES;
				CLANG_WARN_DIRECT_OBJC_ISA_USAGE = YES_ERROR;
				CLANG_WARN_DOCUMENTATION_COMMENTS = YES;
				CLANG_WARN_EMPTY_BODY = YES;
				CLANG_WARN_ENUM_CONVERSION = YES;
				CLANG_WARN_INFINITE_RECURSION = YES;
				CLANG_WARN_INT_CONVERSION = YES;
				CLANG_WARN_NON_LITERAL_NULL_CONVERSION = YES;
				CLANG_WARN_OBJC_IMPLICIT_RETAIN_SELF = YES;
				CLANG_WARN_OBJC_LITERAL_CONVERSION = YES;
				CLANG_WARN_OBJC_ROOT_CLASS = YES_ERROR;
				CLANG_WARN_QUOTED_INCLUDE_IN_FRAMEWORK_HEADER = YES;
				CLANG_WARN_RANGE_LOOP_ANALYSIS = YES;
				CLANG_WARN_STRICT_PROTOTYPES = YES;
				CLANG_WARN_SUSPICIOUS_MOVE = YES;
				CLANG_WARN_UNGUARDED_AVAILABILITY = YES_AGGRESSIVE;
				CLANG_WARN_UNREACHABLE_CODE = YES;
				CLANG_WARN__DUPLICATE_METHOD_MATCH = YES;
				COPY_PHASE_STRIP = NO;
				DEBUG_INFORMATION_FORMAT = "dwarf-with-dsym";
				ENABLE_NS_ASSERTIONS = NO;
				ENABLE_STRICT_OBJC_MSGSEND = YES;
				GCC_C_LANGUAGE_STANDARD = gnu11;
				GCC_NO_COMMON_BLOCKS = YES;
				GCC_WARN_64_TO_32_BIT_CONVERSION = YES;
				GCC_WARN_ABOUT_RETURN_TYPE = YES_ERROR;
				GCC_WARN_UNDECLARED_SELECTOR = YES;
				GCC_WARN_UNINITIALIZED_AUTOS = YES_AGGRESSIVE;
				GCC_WARN_UNUSED_FUNCTION = YES;
				GCC_WARN_UNUSED_VARIABLE = YES;
				IPHONEOS_DEPLOYMENT_TARGET = 16.2;
				MTL_ENABLE_DEBUG_INFO = NO;
				MTL_FAST_MATH = YES;
				SDKROOT = iphoneos;
				SWIFT_COMPILATION_MODE = wholemodule;
				SWIFT_OPTIMIZATION_LEVEL = "-O";
				VALIDATE_PRODUCT = YES;
			};
			name = Release;
		};
		A9834F7A29AC05610077ADD9 /* Debug */ = {
			isa = XCBuildConfiguration;
			buildSettings = {
				ASSETCATALOG_COMPILER_APPICON_NAME = AppIcon;
				ASSETCATALOG_COMPILER_GLOBAL_ACCENT_COLOR_NAME = AccentColor;
				CODE_SIGN_STYLE = Automatic;
				CURRENT_PROJECT_VERSION = 1;
				DEVELOPMENT_ASSET_PATHS = "\"Dr. Zot/Preview Content\"";
				ENABLE_PREVIEWS = YES;
				GENERATE_INFOPLIST_FILE = YES;
				INFOPLIST_KEY_UIApplicationSceneManifest_Generation = YES;
				INFOPLIST_KEY_UIApplicationSupportsIndirectInputEvents = YES;
				INFOPLIST_KEY_UILaunchScreen_Generation = YES;
				INFOPLIST_KEY_UISupportedInterfaceOrientations_iPad = "UIInterfaceOrientationPortrait UIInterfaceOrientationPortraitUpsideDown UIInterfaceOrientationLandscapeLeft UIInterfaceOrientationLandscapeRight";
				INFOPLIST_KEY_UISupportedInterfaceOrientations_iPhone = "UIInterfaceOrientationPortrait UIInterfaceOrientationLandscapeLeft UIInterfaceOrientationLandscapeRight";
				LD_RUNPATH_SEARCH_PATHS = (
					"$(inherited)",
					"@executable_path/Frameworks",
				);
				MARKETING_VERSION = 1.0;
				PRODUCT_BUNDLE_IDENTIFIER = "CS180A--UCI-OIT.Dr--Zot";
				PRODUCT_NAME = "$(TARGET_NAME)";
				SWIFT_EMIT_LOC_STRINGS = YES;
				SWIFT_VERSION = 5.0;
				TARGETED_DEVICE_FAMILY = "1,2";
			};
			name = Debug;
		};
		A9834F7B29AC05610077ADD9 /* Release */ = {
			isa = XCBuildConfiguration;
			buildSettings = {
				ASSETCATALOG_COMPILER_APPICON_NAME = AppIcon;
				ASSETCATALOG_COMPILER_GLOBAL_ACCENT_COLOR_NAME = AccentColor;
				CODE_SIGN_STYLE = Automatic;
				CURRENT_PROJECT_VERSION = 1;
				DEVELOPMENT_ASSET_PATHS = "\"Dr. Zot/Preview Content\"";
				ENABLE_PREVIEWS = YES;
				GENERATE_INFOPLIST_FILE = YES;
				INFOPLIST_KEY_UIApplicationSceneManifest_Generation = YES;
				INFOPLIST_KEY_UIApplicationSupportsIndirectInputEvents = YES;
				INFOPLIST_KEY_UILaunchScreen_Generation = YES;
				INFOPLIST_KEY_UISupportedInterfaceOrientations_iPad = "UIInterfaceOrientationPortrait UIInterfaceOrientationPortraitUpsideDown UIInterfaceOrientationLandscapeLeft UIInterfaceOrientationLandscapeRight";
				INFOPLIST_KEY_UISupportedInterfaceOrientations_iPhone = "UIInterfaceOrientationPortrait UIInterfaceOrientationLandscapeLeft UIInterfaceOrientationLandscapeRight";
				LD_RUNPATH_SEARCH_PATHS = (
					"$(inherited)",
					"@executable_path/Frameworks",
				);
				MARKETING_VERSION = 1.0;
				PRODUCT_BUNDLE_IDENTIFIER = "CS180A--UCI-OIT.Dr--Zot";
				PRODUCT_NAME = "$(TARGET_NAME)";
				SWIFT_EMIT_LOC_STRINGS = YES;
				SWIFT_VERSION = 5.0;
				TARGETED_DEVICE_FAMILY = "1,2";
			};
			name = Release;
		};
		A9834F7D29AC05610077ADD9 /* Debug */ = {
			isa = XCBuildConfiguration;
			buildSettings = {
				ALWAYS_EMBED_SWIFT_STANDARD_LIBRARIES = YES;
				BUNDLE_LOADER = "$(TEST_HOST)";
				CODE_SIGN_STYLE = Automatic;
				CURRENT_PROJECT_VERSION = 1;
				GENERATE_INFOPLIST_FILE = YES;
				IPHONEOS_DEPLOYMENT_TARGET = 16.2;
				MARKETING_VERSION = 1.0;
				PRODUCT_BUNDLE_IDENTIFIER = "CS180A--UCI-OIT.Dr--ZotTests";
				PRODUCT_NAME = "$(TARGET_NAME)";
				SWIFT_EMIT_LOC_STRINGS = NO;
				SWIFT_VERSION = 5.0;
				TARGETED_DEVICE_FAMILY = "1,2";
				TEST_HOST = "$(BUILT_PRODUCTS_DIR)/Dr. Zot.app/$(BUNDLE_EXECUTABLE_FOLDER_PATH)/Dr. Zot";
			};
			name = Debug;
		};
		A9834F7E29AC05610077ADD9 /* Release */ = {
			isa = XCBuildConfiguration;
			buildSettings = {
				ALWAYS_EMBED_SWIFT_STANDARD_LIBRARIES = YES;
				BUNDLE_LOADER = "$(TEST_HOST)";
				CODE_SIGN_STYLE = Automatic;
				CURRENT_PROJECT_VERSION = 1;
				GENERATE_INFOPLIST_FILE = YES;
				IPHONEOS_DEPLOYMENT_TARGET = 16.2;
				MARKETING_VERSION = 1.0;
				PRODUCT_BUNDLE_IDENTIFIER = "CS180A--UCI-OIT.Dr--ZotTests";
				PRODUCT_NAME = "$(TARGET_NAME)";
				SWIFT_EMIT_LOC_STRINGS = NO;
				SWIFT_VERSION = 5.0;
				TARGETED_DEVICE_FAMILY = "1,2";
				TEST_HOST = "$(BUILT_PRODUCTS_DIR)/Dr. Zot.app/$(BUNDLE_EXECUTABLE_FOLDER_PATH)/Dr. Zot";
			};
			name = Release;
		};
		A9834F8029AC05610077ADD9 /* Debug */ = {
			isa = XCBuildConfiguration;
			buildSettings = {
				ALWAYS_EMBED_SWIFT_STANDARD_LIBRARIES = YES;
				CODE_SIGN_STYLE = Automatic;
				CURRENT_PROJECT_VERSION = 1;
				GENERATE_INFOPLIST_FILE = YES;
				MARKETING_VERSION = 1.0;
				PRODUCT_BUNDLE_IDENTIFIER = "CS180A--UCI-OIT.Dr--ZotUITests";
				PRODUCT_NAME = "$(TARGET_NAME)";
				SWIFT_EMIT_LOC_STRINGS = NO;
				SWIFT_VERSION = 5.0;
				TARGETED_DEVICE_FAMILY = "1,2";
				TEST_TARGET_NAME = "Dr. Zot";
			};
			name = Debug;
		};
		A9834F8129AC05610077ADD9 /* Release */ = {
			isa = XCBuildConfiguration;
			buildSettings = {
				ALWAYS_EMBED_SWIFT_STANDARD_LIBRARIES = YES;
				CODE_SIGN_STYLE = Automatic;
				CURRENT_PROJECT_VERSION = 1;
				GENERATE_INFOPLIST_FILE = YES;
				MARKETING_VERSION = 1.0;
				PRODUCT_BUNDLE_IDENTIFIER = "CS180A--UCI-OIT.Dr--ZotUITests";
				PRODUCT_NAME = "$(TARGET_NAME)";
				SWIFT_EMIT_LOC_STRINGS = NO;
				SWIFT_VERSION = 5.0;
				TARGETED_DEVICE_FAMILY = "1,2";
				TEST_TARGET_NAME = "Dr. Zot";
			};
			name = Release;
		};
/* End XCBuildConfiguration section */

/* Begin XCConfigurationList section */
		A9834F5029AC055F0077ADD9 /* Build configuration list for PBXProject "Dr. Zot" */ = {
			isa = XCConfigurationList;
			buildConfigurations = (
				A9834F7729AC05610077ADD9 /* Debug */,
				A9834F7829AC05610077ADD9 /* Release */,
			);
			defaultConfigurationIsVisible = 0;
			defaultConfigurationName = Release;
		};
		A9834F7929AC05610077ADD9 /* Build configuration list for PBXNativeTarget "Dr. Zot" */ = {
			isa = XCConfigurationList;
			buildConfigurations = (
				A9834F7A29AC05610077ADD9 /* Debug */,
				A9834F7B29AC05610077ADD9 /* Release */,
			);
			defaultConfigurationIsVisible = 0;
			defaultConfigurationName = Release;
		};
		A9834F7C29AC05610077ADD9 /* Build configuration list for PBXNativeTarget "Dr. ZotTests" */ = {
			isa = XCConfigurationList;
			buildConfigurations = (
				A9834F7D29AC05610077ADD9 /* Debug */,
				A9834F7E29AC05610077ADD9 /* Release */,
			);
			defaultConfigurationIsVisible = 0;
			defaultConfigurationName = Release;
		};
		A9834F7F29AC05610077ADD9 /* Build configuration list for PBXNativeTarget "Dr. ZotUITests" */ = {
			isa = XCConfigurationList;
			buildConfigurations = (
				A9834F8029AC05610077ADD9 /* Debug */,
				A9834F8129AC05610077ADD9 /* Release */,
			);
			defaultConfigurationIsVisible = 0;
			defaultConfigurationName = Release;
		};
/* End XCConfigurationList section */
	};
	rootObject = A9834F4D29AC055F0077ADD9 /* Project object */;
}
